// !$*UTF8*$!
{
	archiveVersion = 1;
	classes = {
	};
	objectVersion = 55;
	objects = {

/* Begin PBXBuildFile section */
		52A2B8E128BCAC9700A779C9 /* smoke.sks in Resources */ = {isa = PBXBuildFile; fileRef = 52A2B8E028BCAC9600A779C9 /* smoke.sks */; };
		52A2B8E528BCAEE200A779C9 /* mud.sks in Resources */ = {isa = PBXBuildFile; fileRef = 52A2B8E428BCAEE200A779C9 /* mud.sks */; };
		52A2B8E728BCD84200A779C9 /* smb_mariodie.wav in Resources */ = {isa = PBXBuildFile; fileRef = 52A2B8E628BCD84200A779C9 /* smb_mariodie.wav */; };
		52A2B8E928BCD95E00A779C9 /* smb_coin.wav in Resources */ = {isa = PBXBuildFile; fileRef = 52A2B8E828BCD95E00A779C9 /* smb_coin.wav */; };
		52F9D64C28BA2892001C9107 /* AppDelegate.swift in Sources */ = {isa = PBXBuildFile; fileRef = 52F9D64B28BA2892001C9107 /* AppDelegate.swift */; };
		52F9D64E28BA2893001C9107 /* GameScene.sks in Resources */ = {isa = PBXBuildFile; fileRef = 52F9D64D28BA2893001C9107 /* GameScene.sks */; };
		52F9D65228BA2893001C9107 /* GameScene.swift in Sources */ = {isa = PBXBuildFile; fileRef = 52F9D65128BA2893001C9107 /* GameScene.swift */; };
		52F9D65428BA2893001C9107 /* GameViewController.swift in Sources */ = {isa = PBXBuildFile; fileRef = 52F9D65328BA2893001C9107 /* GameViewController.swift */; };
		52F9D65728BA2893001C9107 /* Main.storyboard in Resources */ = {isa = PBXBuildFile; fileRef = 52F9D65528BA2893001C9107 /* Main.storyboard */; };
		52F9D65928BA2896001C9107 /* Assets.xcassets in Resources */ = {isa = PBXBuildFile; fileRef = 52F9D65828BA2896001C9107 /* Assets.xcassets */; };
		52F9D65C28BA2896001C9107 /* LaunchScreen.storyboard in Resources */ = {isa = PBXBuildFile; fileRef = 52F9D65A28BA2896001C9107 /* LaunchScreen.storyboard */; };
		52F9D66428BA2B65001C9107 /* whack.caf in Resources */ = {isa = PBXBuildFile; fileRef = 52F9D66228BA2B64001C9107 /* whack.caf */; };
		52F9D66528BA2B65001C9107 /* whackBad.caf in Resources */ = {isa = PBXBuildFile; fileRef = 52F9D66328BA2B65001C9107 /* whackBad.caf */; };
		52F9D66728BA2F5D001C9107 /* WhackSlot.swift in Sources */ = {isa = PBXBuildFile; fileRef = 52F9D66628BA2F5D001C9107 /* WhackSlot.swift */; };
/* End PBXBuildFile section */

/* Begin PBXFileReference section */
		52A2B8E028BCAC9600A779C9 /* smoke.sks */ = {isa = PBXFileReference; lastKnownFileType = file.sks; path = smoke.sks; sourceTree = "<group>"; };
		52A2B8E428BCAEE200A779C9 /* mud.sks */ = {isa = PBXFileReference; lastKnownFileType = file.sks; path = mud.sks; sourceTree = "<group>"; };
		52A2B8E628BCD84200A779C9 /* smb_mariodie.wav */ = {isa = PBXFileReference; lastKnownFileType = audio.wav; path = smb_mariodie.wav; sourceTree = "<group>"; };
		52A2B8E828BCD95E00A779C9 /* smb_coin.wav */ = {isa = PBXFileReference; lastKnownFileType = audio.wav; path = smb_coin.wav; sourceTree = "<group>"; };
		52F9D64828BA2892001C9107 /* Project14-Whack-a-Penguin.app */ = {isa = PBXFileReference; explicitFileType = wrapper.application; includeInIndex = 0; path = "Project14-Whack-a-Penguin.app"; sourceTree = BUILT_PRODUCTS_DIR; };
		52F9D64B28BA2892001C9107 /* AppDelegate.swift */ = {isa = PBXFileReference; lastKnownFileType = sourcecode.swift; path = AppDelegate.swift; sourceTree = "<group>"; };
		52F9D64D28BA2893001C9107 /* GameScene.sks */ = {isa = PBXFileReference; lastKnownFileType = file.sks; path = GameScene.sks; sourceTree = "<group>"; };
		52F9D65128BA2893001C9107 /* GameScene.swift */ = {isa = PBXFileReference; lastKnownFileType = sourcecode.swift; path = GameScene.swift; sourceTree = "<group>"; };
		52F9D65328BA2893001C9107 /* GameViewController.swift */ = {isa = PBXFileReference; lastKnownFileType = sourcecode.swift; path = GameViewController.swift; sourceTree = "<group>"; };
		52F9D65628BA2893001C9107 /* Base */ = {isa = PBXFileReference; lastKnownFileType = file.storyboard; name = Base; path = Base.lproj/Main.storyboard; sourceTree = "<group>"; };
		52F9D65828BA2896001C9107 /* Assets.xcassets */ = {isa = PBXFileReference; lastKnownFileType = folder.assetcatalog; path = Assets.xcassets; sourceTree = "<group>"; };
		52F9D65B28BA2896001C9107 /* Base */ = {isa = PBXFileReference; lastKnownFileType = file.storyboard; name = Base; path = Base.lproj/LaunchScreen.storyboard; sourceTree = "<group>"; };
		52F9D66228BA2B64001C9107 /* whack.caf */ = {isa = PBXFileReference; lastKnownFileType = file; path = whack.caf; sourceTree = "<group>"; };
		52F9D66328BA2B65001C9107 /* whackBad.caf */ = {isa = PBXFileReference; lastKnownFileType = file; path = whackBad.caf; sourceTree = "<group>"; };
		52F9D66628BA2F5D001C9107 /* WhackSlot.swift */ = {isa = PBXFileReference; lastKnownFileType = sourcecode.swift; path = WhackSlot.swift; sourceTree = "<group>"; };
/* End PBXFileReference section */

/* Begin PBXFrameworksBuildPhase section */
		52F9D64528BA2892001C9107 /* Frameworks */ = {
			isa = PBXFrameworksBuildPhase;
			buildActionMask = 2147483647;
			files = (
			);
			runOnlyForDeploymentPostprocessing = 0;
		};
/* End PBXFrameworksBuildPhase section */

/* Begin PBXGroup section */
		52F9D63F28BA2892001C9107 = {
			isa = PBXGroup;
			children = (
				52F9D64A28BA2892001C9107 /* Project14-Whack-a-Penguin */,
				52F9D64928BA2892001C9107 /* Products */,
			);
			sourceTree = "<group>";
		};
		52F9D64928BA2892001C9107 /* Products */ = {
			isa = PBXGroup;
			children = (
				52F9D64828BA2892001C9107 /* Project14-Whack-a-Penguin.app */,
			);
			name = Products;
			sourceTree = "<group>";
		};
		52F9D64A28BA2892001C9107 /* Project14-Whack-a-Penguin */ = {
			isa = PBXGroup;
			children = (
				52F9D64B28BA2892001C9107 /* AppDelegate.swift */,
				52F9D64D28BA2893001C9107 /* GameScene.sks */,
				52F9D65128BA2893001C9107 /* GameScene.swift */,
				52F9D66628BA2F5D001C9107 /* WhackSlot.swift */,
				52F9D65328BA2893001C9107 /* GameViewController.swift */,
				52F9D65528BA2893001C9107 /* Main.storyboard */,
				52F9D65828BA2896001C9107 /* Assets.xcassets */,
				52F9D65A28BA2896001C9107 /* LaunchScreen.storyboard */,
				52F9D66228BA2B64001C9107 /* whack.caf */,
				52F9D66328BA2B65001C9107 /* whackBad.caf */,
				52A2B8E828BCD95E00A779C9 /* smb_coin.wav */,
				52A2B8E628BCD84200A779C9 /* smb_mariodie.wav */,
				52A2B8E028BCAC9600A779C9 /* smoke.sks */,
				52A2B8E428BCAEE200A779C9 /* mud.sks */,
			);
			path = "Project14-Whack-a-Penguin";
			sourceTree = "<group>";
		};
/* End PBXGroup section */

/* Begin PBXNativeTarget section */
		52F9D64728BA2892001C9107 /* Project14-Whack-a-Penguin */ = {
			isa = PBXNativeTarget;
			buildConfigurationList = 52F9D65F28BA2896001C9107 /* Build configuration list for PBXNativeTarget "Project14-Whack-a-Penguin" */;
			buildPhases = (
				52F9D64428BA2892001C9107 /* Sources */,
				52F9D64528BA2892001C9107 /* Frameworks */,
				52F9D64628BA2892001C9107 /* Resources */,
			);
			buildRules = (
			);
			dependencies = (
			);
			name = "Project14-Whack-a-Penguin";
			productName = "Project14-Whack-a-Penguin";
			productReference = 52F9D64828BA2892001C9107 /* Project14-Whack-a-Penguin.app */;
			productType = "com.apple.product-type.application";
		};
/* End PBXNativeTarget section */

/* Begin PBXProject section */
		52F9D64028BA2892001C9107 /* Project object */ = {
			isa = PBXProject;
			attributes = {
				BuildIndependentTargetsInParallel = 1;
				LastSwiftUpdateCheck = 1320;
				LastUpgradeCheck = 1320;
				TargetAttributes = {
					52F9D64728BA2892001C9107 = {
						CreatedOnToolsVersion = 13.2.1;
					};
				};
			};
			buildConfigurationList = 52F9D64328BA2892001C9107 /* Build configuration list for PBXProject "Project14-Whack-a-Penguin" */;
			compatibilityVersion = "Xcode 13.0";
			developmentRegion = en;
			hasScannedForEncodings = 0;
			knownRegions = (
				en,
				Base,
			);
			mainGroup = 52F9D63F28BA2892001C9107;
			productRefGroup = 52F9D64928BA2892001C9107 /* Products */;
			projectDirPath = "";
			projectRoot = "";
			targets = (
				52F9D64728BA2892001C9107 /* Project14-Whack-a-Penguin */,
			);
		};
/* End PBXProject section */

/* Begin PBXResourcesBuildPhase section */
		52F9D64628BA2892001C9107 /* Resources */ = {
			isa = PBXResourcesBuildPhase;
			buildActionMask = 2147483647;
			files = (
				52A2B8E928BCD95E00A779C9 /* smb_coin.wav in Resources */,
				52F9D65728BA2893001C9107 /* Main.storyboard in Resources */,
				52F9D66428BA2B65001C9107 /* whack.caf in Resources */,
				52F9D64E28BA2893001C9107 /* GameScene.sks in Resources */,
				52F9D65928BA2896001C9107 /* Assets.xcassets in Resources */,
				52A2B8E728BCD84200A779C9 /* smb_mariodie.wav in Resources */,
				52A2B8E528BCAEE200A779C9 /* mud.sks in Resources */,
				52F9D65C28BA2896001C9107 /* LaunchScreen.storyboard in Resources */,
				52F9D66528BA2B65001C9107 /* whackBad.caf in Resources */,
				52A2B8E128BCAC9700A779C9 /* smoke.sks in Resources */,
			);
			runOnlyForDeploymentPostprocessing = 0;
		};
/* End PBXResourcesBuildPhase section */

/* Begin PBXSourcesBuildPhase section */
		52F9D64428BA2892001C9107 /* Sources */ = {
			isa = PBXSourcesBuildPhase;
			buildActionMask = 2147483647;
			files = (
				52F9D65228BA2893001C9107 /* GameScene.swift in Sources */,
				52F9D65428BA2893001C9107 /* GameViewController.swift in Sources */,
				52F9D66728BA2F5D001C9107 /* WhackSlot.swift in Sources */,
				52F9D64C28BA2892001C9107 /* AppDelegate.swift in Sources */,
			);
			runOnlyForDeploymentPostprocessing = 0;
		};
/* End PBXSourcesBuildPhase section */

/* Begin PBXVariantGroup section */
		52F9D65528BA2893001C9107 /* Main.storyboard */ = {
			isa = PBXVariantGroup;
			children = (
				52F9D65628BA2893001C9107 /* Base */,
			);
			name = Main.storyboard;
			sourceTree = "<group>";
		};
		52F9D65A28BA2896001C9107 /* LaunchScreen.storyboard */ = {
			isa = PBXVariantGroup;
			children = (
				52F9D65B28BA2896001C9107 /* Base */,
			);
			name = LaunchScreen.storyboard;
			sourceTree = "<group>";
		};
/* End PBXVariantGroup section */

/* Begin XCBuildConfiguration section */
		52F9D65D28BA2896001C9107 /* Debug */ = {
			isa = XCBuildConfiguration;
			buildSettings = {
				ALWAYS_SEARCH_USER_PATHS = NO;
				CLANG_ANALYZER_NONNULL = YES;
				CLANG_ANALYZER_NUMBER_OBJECT_CONVERSION = YES_AGGRESSIVE;
				CLANG_CXX_LANGUAGE_STANDARD = "gnu++17";
				CLANG_CXX_LIBRARY = "libc++";
				CLANG_ENABLE_MODULES = YES;
				CLANG_ENABLE_OBJC_ARC = YES;
				CLANG_ENABLE_OBJC_WEAK = YES;
				CLANG_WARN_BLOCK_CAPTURE_AUTORELEASING = YES;
				CLANG_WARN_BOOL_CONVERSION = YES;
				CLANG_WARN_COMMA = YES;
				CLANG_WARN_CONSTANT_CONVERSION = YES;
				CLANG_WARN_DEPRECATED_OBJC_IMPLEMENTATIONS = YES;
				CLANG_WARN_DIRECT_OBJC_ISA_USAGE = YES_ERROR;
				CLANG_WARN_DOCUMENTATION_COMMENTS = YES;
				CLANG_WARN_EMPTY_BODY = YES;
				CLANG_WARN_ENUM_CONVERSION = YES;
				CLANG_WARN_INFINITE_RECURSION = YES;
				CLANG_WARN_INT_CONVERSION = YES;
				CLANG_WARN_NON_LITERAL_NULL_CONVERSION = YES;
				CLANG_WARN_OBJC_IMPLICIT_RETAIN_SELF = YES;
				CLANG_WARN_OBJC_LITERAL_CONVERSION = YES;
				CLANG_WARN_OBJC_ROOT_CLASS = YES_ERROR;
				CLANG_WARN_QUOTED_INCLUDE_IN_FRAMEWORK_HEADER = YES;
				CLANG_WARN_RANGE_LOOP_ANALYSIS = YES;
				CLANG_WARN_STRICT_PROTOTYPES = YES;
				CLANG_WARN_SUSPICIOUS_MOVE = YES;
				CLANG_WARN_UNGUARDED_AVAILABILITY = YES_AGGRESSIVE;
				CLANG_WARN_UNREACHABLE_CODE = YES;
				CLANG_WARN__DUPLICATE_METHOD_MATCH = YES;
				COPY_PHASE_STRIP = NO;
				DEBUG_INFORMATION_FORMAT = dwarf;
				ENABLE_STRICT_OBJC_MSGSEND = YES;
				ENABLE_TESTABILITY = YES;
				GCC_C_LANGUAGE_STANDARD = gnu11;
				GCC_DYNAMIC_NO_PIC = NO;
				GCC_NO_COMMON_BLOCKS = YES;
				GCC_OPTIMIZATION_LEVEL = 0;
				GCC_PREPROCESSOR_DEFINITIONS = (
					"DEBUG=1",
					"$(inherited)",
				);
				GCC_WARN_64_TO_32_BIT_CONVERSION = YES;
				GCC_WARN_ABOUT_RETURN_TYPE = YES_ERROR;
				GCC_WARN_UNDECLARED_SELECTOR = YES;
				GCC_WARN_UNINITIALIZED_AUTOS = YES_AGGRESSIVE;
				GCC_WARN_UNUSED_FUNCTION = YES;
				GCC_WARN_UNUSED_VARIABLE = YES;
				IPHONEOS_DEPLOYMENT_TARGET = 15.2;
				MTL_ENABLE_DEBUG_INFO = INCLUDE_SOURCE;
				MTL_FAST_MATH = YES;
				ONLY_ACTIVE_ARCH = YES;
				SDKROOT = iphoneos;
				SWIFT_ACTIVE_COMPILATION_CONDITIONS = DEBUG;
				SWIFT_OPTIMIZATION_LEVEL = "-Onone";
			};
			name = Debug;
		};
		52F9D65E28BA2896001C9107 /* Release */ = {
			isa = XCBuildConfiguration;
			buildSettings = {
				ALWAYS_SEARCH_USER_PATHS = NO;
				CLANG_ANALYZER_NONNULL = YES;
				CLANG_ANALYZER_NUMBER_OBJECT_CONVERSION = YES_AGGRESSIVE;
				CLANG_CXX_LANGUAGE_STANDARD = "gnu++17";
				CLANG_CXX_LIBRARY = "libc++";
				CLANG_ENABLE_MODULES = YES;
				CLANG_ENABLE_OBJC_ARC = YES;
				CLANG_ENABLE_OBJC_WEAK = YES;
				CLANG_WARN_BLOCK_CAPTURE_AUTORELEASING = YES;
				CLANG_WARN_BOOL_CONVERSION = YES;
				CLANG_WARN_COMMA = YES;
				CLANG_WARN_CONSTANT_CONVERSION = YES;
				CLANG_WARN_DEPRECATED_OBJC_IMPLEMENTATIONS = YES;
				CLANG_WARN_DIRECT_OBJC_ISA_USAGE = YES_ERROR;
				CLANG_WARN_DOCUMENTATION_COMMENTS = YES;
				CLANG_WARN_EMPTY_BODY = YES;
				CLANG_WARN_ENUM_CONVERSION = YES;
				CLANG_WARN_INFINITE_RECURSION = YES;
				CLANG_WARN_INT_CONVERSION = YES;
				CLANG_WARN_NON_LITERAL_NULL_CONVERSION = YES;
				CLANG_WARN_OBJC_IMPLICIT_RETAIN_SELF = YES;
				CLANG_WARN_OBJC_LITERAL_CONVERSION = YES;
				CLANG_WARN_OBJC_ROOT_CLASS = YES_ERROR;
				CLANG_WARN_QUOTED_INCLUDE_IN_FRAMEWORK_HEADER = YES;
				CLANG_WARN_RANGE_LOOP_ANALYSIS = YES;
				CLANG_WARN_STRICT_PROTOTYPES = YES;
				CLANG_WARN_SUSPICIOUS_MOVE = YES;
				CLANG_WARN_UNGUARDED_AVAILABILITY = YES_AGGRESSIVE;
				CLANG_WARN_UNREACHABLE_CODE = YES;
				CLANG_WARN__DUPLICATE_METHOD_MATCH = YES;
				COPY_PHASE_STRIP = NO;
				DEBUG_INFORMATION_FORMAT = "dwarf-with-dsym";
				ENABLE_NS_ASSERTIONS = NO;
				ENABLE_STRICT_OBJC_MSGSEND = YES;
				GCC_C_LANGUAGE_STANDARD = gnu11;
				GCC_NO_COMMON_BLOCKS = YES;
				GCC_WARN_64_TO_32_BIT_CONVERSION = YES;
				GCC_WARN_ABOUT_RETURN_TYPE = YES_ERROR;
				GCC_WARN_UNDECLARED_SELECTOR = YES;
				GCC_WARN_UNINITIALIZED_AUTOS = YES_AGGRESSIVE;
				GCC_WARN_UNUSED_FUNCTION = YES;
				GCC_WARN_UNUSED_VARIABLE = YES;
				IPHONEOS_DEPLOYMENT_TARGET = 15.2;
				MTL_ENABLE_DEBUG_INFO = NO;
				MTL_FAST_MATH = YES;
				SDKROOT = iphoneos;
				SWIFT_COMPILATION_MODE = wholemodule;
				SWIFT_OPTIMIZATION_LEVEL = "-O";
				VALIDATE_PRODUCT = YES;
			};
			name = Release;
		};
		52F9D66028BA2896001C9107 /* Debug */ = {
			isa = XCBuildConfiguration;
			buildSettings = {
				ASSETCATALOG_COMPILER_APPICON_NAME = AppIcon;
				ASSETCATALOG_COMPILER_GLOBAL_ACCENT_COLOR_NAME = AccentColor;
				CODE_SIGN_STYLE = Automatic;
				CURRENT_PROJECT_VERSION = 1;
				GENERATE_INFOPLIST_FILE = YES;
				INFOPLIST_KEY_UIApplicationSupportsIndirectInputEvents = YES;
				INFOPLIST_KEY_UILaunchStoryboardName = LaunchScreen;
				INFOPLIST_KEY_UIMainStoryboardFile = Main;
				INFOPLIST_KEY_UIStatusBarHidden = YES;
				INFOPLIST_KEY_UISupportedInterfaceOrientations_iPad = "UIInterfaceOrientationLandscapeLeft UIInterfaceOrientationLandscapeRight";
				INFOPLIST_KEY_UISupportedInterfaceOrientations_iPhone = "UIInterfaceOrientationPortrait UIInterfaceOrientationLandscapeLeft UIInterfaceOrientationLandscapeRight";
				LD_RUNPATH_SEARCH_PATHS = (
					"$(inherited)",
					"@executable_path/Frameworks",
				);
				MARKETING_VERSION = 1.0;
				PRODUCT_BUNDLE_IDENTIFIER = "com.example.Project14-Whack-a-Penguin";
				PRODUCT_NAME = "$(TARGET_NAME)";
				SWIFT_EMIT_LOC_STRINGS = YES;
				SWIFT_VERSION = 5.0;
				TARGETED_DEVICE_FAMILY = 2;
			};
			name = Debug;
		};
		52F9D66128BA2896001C9107 /* Release */ = {
			isa = XCBuildConfiguration;
			buildSettings = {
				ASSETCATALOG_COMPILER_APPICON_NAME = AppIcon;
				ASSETCATALOG_COMPILER_GLOBAL_ACCENT_COLOR_NAME = AccentColor;
				CODE_SIGN_STYLE = Automatic;
				CURRENT_PROJECT_VERSION = 1;
				GENERATE_INFOPLIST_FILE = YES;
				INFOPLIST_KEY_UIApplicationSupportsIndirectInputEvents = YES;
				INFOPLIST_KEY_UILaunchStoryboardName = LaunchScreen;
				INFOPLIST_KEY_UIMainStoryboardFile = Main;
				INFOPLIST_KEY_UIStatusBarHidden = YES;
				INFOPLIST_KEY_UISupportedInterfaceOrientations_iPad = "UIInterfaceOrientationLandscapeLeft UIInterfaceOrientationLandscapeRight";
				INFOPLIST_KEY_UISupportedInterfaceOrientations_iPhone = "UIInterfaceOrientationPortrait UIInterfaceOrientationLandscapeLeft UIInterfaceOrientationLandscapeRight";
				LD_RUNPATH_SEARCH_PATHS = (
					"$(inherited)",
					"@executable_path/Frameworks",
				);
				MARKETING_VERSION = 1.0;
				PRODUCT_BUNDLE_IDENTIFIER = "com.example.Project14-Whack-a-Penguin";
				PRODUCT_NAME = "$(TARGET_NAME)";
				SWIFT_EMIT_LOC_STRINGS = YES;
				SWIFT_VERSION = 5.0;
				TARGETED_DEVICE_FAMILY = 2;
			};
			name = Release;
		};
/* End XCBuildConfiguration section */

/* Begin XCConfigurationList section */
		52F9D64328BA2892001C9107 /* Build configuration list for PBXProject "Project14-Whack-a-Penguin" */ = {
			isa = XCConfigurationList;
			buildConfigurations = (
				52F9D65D28BA2896001C9107 /* Debug */,
				52F9D65E28BA2896001C9107 /* Release */,
			);
			defaultConfigurationIsVisible = 0;
			defaultConfigurationName = Release;
		};
		52F9D65F28BA2896001C9107 /* Build configuration list for PBXNativeTarget "Project14-Whack-a-Penguin" */ = {
			isa = XCConfigurationList;
			buildConfigurations = (
				52F9D66028BA2896001C9107 /* Debug */,
				52F9D66128BA2896001C9107 /* Release */,
			);
			defaultConfigurationIsVisible = 0;
			defaultConfigurationName = Release;
		};
/* End XCConfigurationList section */
	};
	rootObject = 52F9D64028BA2892001C9107 /* Project object */;
}
