// !$*UTF8*$!
{
	archiveVersion = 1;
	classes = {
	};
	objectVersion = 55;
	objects = {

/* Begin PBXBuildFile section */
		523BB57728D9C6FD00BE103C /* AppDelegate.swift in Sources */ = {isa = PBXBuildFile; fileRef = 523BB57628D9C6FD00BE103C /* AppDelegate.swift */; };
		523BB57928D9C6FD00BE103C /* SceneDelegate.swift in Sources */ = {isa = PBXBuildFile; fileRef = 523BB57828D9C6FD00BE103C /* SceneDelegate.swift */; };
		523BB57B28D9C6FD00BE103C /* ViewController.swift in Sources */ = {isa = PBXBuildFile; fileRef = 523BB57A28D9C6FD00BE103C /* ViewController.swift */; };
		523BB57E28D9C6FD00BE103C /* Main.storyboard in Resources */ = {isa = PBXBuildFile; fileRef = 523BB57C28D9C6FD00BE103C /* Main.storyboard */; };
		523BB58028D9C6FF00BE103C /* Assets.xcassets in Resources */ = {isa = PBXBuildFile; fileRef = 523BB57F28D9C6FF00BE103C /* Assets.xcassets */; };
		523BB58328D9C6FF00BE103C /* LaunchScreen.storyboard in Resources */ = {isa = PBXBuildFile; fileRef = 523BB58128D9C6FF00BE103C /* LaunchScreen.storyboard */; };
		523BB59128D9C9BA00BE103C /* UniformTypeIdentifiers.framework in Frameworks */ = {isa = PBXBuildFile; fileRef = 523BB59028D9C9BA00BE103C /* UniformTypeIdentifiers.framework */; };
		523BB59428D9C9BA00BE103C /* Media.xcassets in Resources */ = {isa = PBXBuildFile; fileRef = 523BB59328D9C9BA00BE103C /* Media.xcassets */; };
		523BB59628D9C9BA00BE103C /* ActionViewController.swift in Sources */ = {isa = PBXBuildFile; fileRef = 523BB59528D9C9BA00BE103C /* ActionViewController.swift */; };
		523BB59928D9C9BA00BE103C /* MainInterface.storyboard in Resources */ = {isa = PBXBuildFile; fileRef = 523BB59728D9C9BA00BE103C /* MainInterface.storyboard */; };
		523BB59D28D9C9BA00BE103C /* Extension.appex in Embed App Extensions */ = {isa = PBXBuildFile; fileRef = 523BB58E28D9C9BA00BE103C /* Extension.appex */; settings = {ATTRIBUTES = (RemoveHeadersOnCopy, ); }; };
/* End PBXBuildFile section */

/* Begin PBXContainerItemProxy section */
		523BB59B28D9C9BA00BE103C /* PBXContainerItemProxy */ = {
			isa = PBXContainerItemProxy;
			containerPortal = 523BB56B28D9C6FD00BE103C /* Project object */;
			proxyType = 1;
			remoteGlobalIDString = 523BB58D28D9C9BA00BE103C;
			remoteInfo = Extension;
		};
/* End PBXContainerItemProxy section */

/* Begin PBXCopyFilesBuildPhase section */
		523BB59E28D9C9BA00BE103C /* Embed App Extensions */ = {
			isa = PBXCopyFilesBuildPhase;
			buildActionMask = 2147483647;
			dstPath = "";
			dstSubfolderSpec = 13;
			files = (
				523BB59D28D9C9BA00BE103C /* Extension.appex in Embed App Extensions */,
			);
			name = "Embed App Extensions";
			runOnlyForDeploymentPostprocessing = 0;
		};
/* End PBXCopyFilesBuildPhase section */

/* Begin PBXFileReference section */
		523BB57328D9C6FD00BE103C /* Project19-JavaScript-Injection.app */ = {isa = PBXFileReference; explicitFileType = wrapper.application; includeInIndex = 0; path = "Project19-JavaScript-Injection.app"; sourceTree = BUILT_PRODUCTS_DIR; };
		523BB57628D9C6FD00BE103C /* AppDelegate.swift */ = {isa = PBXFileReference; lastKnownFileType = sourcecode.swift; path = AppDelegate.swift; sourceTree = "<group>"; };
		523BB57828D9C6FD00BE103C /* SceneDelegate.swift */ = {isa = PBXFileReference; lastKnownFileType = sourcecode.swift; path = SceneDelegate.swift; sourceTree = "<group>"; };
		523BB57A28D9C6FD00BE103C /* ViewController.swift */ = {isa = PBXFileReference; lastKnownFileType = sourcecode.swift; path = ViewController.swift; sourceTree = "<group>"; };
		523BB57D28D9C6FD00BE103C /* Base */ = {isa = PBXFileReference; lastKnownFileType = file.storyboard; name = Base; path = Base.lproj/Main.storyboard; sourceTree = "<group>"; };
		523BB57F28D9C6FF00BE103C /* Assets.xcassets */ = {isa = PBXFileReference; lastKnownFileType = folder.assetcatalog; path = Assets.xcassets; sourceTree = "<group>"; };
		523BB58228D9C6FF00BE103C /* Base */ = {isa = PBXFileReference; lastKnownFileType = file.storyboard; name = Base; path = Base.lproj/LaunchScreen.storyboard; sourceTree = "<group>"; };
		523BB58428D9C6FF00BE103C /* Info.plist */ = {isa = PBXFileReference; lastKnownFileType = text.plist.xml; path = Info.plist; sourceTree = "<group>"; };
		523BB58E28D9C9BA00BE103C /* Extension.appex */ = {isa = PBXFileReference; explicitFileType = "wrapper.app-extension"; includeInIndex = 0; path = Extension.appex; sourceTree = BUILT_PRODUCTS_DIR; };
		523BB59028D9C9BA00BE103C /* UniformTypeIdentifiers.framework */ = {isa = PBXFileReference; lastKnownFileType = wrapper.framework; name = UniformTypeIdentifiers.framework; path = System/Library/Frameworks/UniformTypeIdentifiers.framework; sourceTree = SDKROOT; };
		523BB59328D9C9BA00BE103C /* Media.xcassets */ = {isa = PBXFileReference; lastKnownFileType = folder.assetcatalog; path = Media.xcassets; sourceTree = "<group>"; };
		523BB59528D9C9BA00BE103C /* ActionViewController.swift */ = {isa = PBXFileReference; lastKnownFileType = sourcecode.swift; path = ActionViewController.swift; sourceTree = "<group>"; };
		523BB59828D9C9BA00BE103C /* Base */ = {isa = PBXFileReference; lastKnownFileType = file.storyboard; name = Base; path = Base.lproj/MainInterface.storyboard; sourceTree = "<group>"; };
		523BB59A28D9C9BA00BE103C /* Info.plist */ = {isa = PBXFileReference; lastKnownFileType = text.plist.xml; path = Info.plist; sourceTree = "<group>"; };
/* End PBXFileReference section */

/* Begin PBXFrameworksBuildPhase section */
		523BB57028D9C6FD00BE103C /* Frameworks */ = {
			isa = PBXFrameworksBuildPhase;
			buildActionMask = 2147483647;
			files = (
			);
			runOnlyForDeploymentPostprocessing = 0;
		};
		523BB58B28D9C9BA00BE103C /* Frameworks */ = {
			isa = PBXFrameworksBuildPhase;
			buildActionMask = 2147483647;
			files = (
				523BB59128D9C9BA00BE103C /* UniformTypeIdentifiers.framework in Frameworks */,
			);
			runOnlyForDeploymentPostprocessing = 0;
		};
/* End PBXFrameworksBuildPhase section */

/* Begin PBXGroup section */
		523BB56A28D9C6FD00BE103C = {
			isa = PBXGroup;
			children = (
				523BB57528D9C6FD00BE103C /* Project19-JavaScript-Injection */,
				523BB59228D9C9BA00BE103C /* Extension */,
				523BB58F28D9C9BA00BE103C /* Frameworks */,
				523BB57428D9C6FD00BE103C /* Products */,
			);
			sourceTree = "<group>";
		};
		523BB57428D9C6FD00BE103C /* Products */ = {
			isa = PBXGroup;
			children = (
				523BB57328D9C6FD00BE103C /* Project19-JavaScript-Injection.app */,
				523BB58E28D9C9BA00BE103C /* Extension.appex */,
			);
			name = Products;
			sourceTree = "<group>";
		};
		523BB57528D9C6FD00BE103C /* Project19-JavaScript-Injection */ = {
			isa = PBXGroup;
			children = (
				523BB57628D9C6FD00BE103C /* AppDelegate.swift */,
				523BB57828D9C6FD00BE103C /* SceneDelegate.swift */,
				523BB57A28D9C6FD00BE103C /* ViewController.swift */,
				523BB57C28D9C6FD00BE103C /* Main.storyboard */,
				523BB57F28D9C6FF00BE103C /* Assets.xcassets */,
				523BB58128D9C6FF00BE103C /* LaunchScreen.storyboard */,
				523BB58428D9C6FF00BE103C /* Info.plist */,
			);
			path = "Project19-JavaScript-Injection";
			sourceTree = "<group>";
		};
		523BB58F28D9C9BA00BE103C /* Frameworks */ = {
			isa = PBXGroup;
			children = (
				523BB59028D9C9BA00BE103C /* UniformTypeIdentifiers.framework */,
			);
			name = Frameworks;
			sourceTree = "<group>";
		};
		523BB59228D9C9BA00BE103C /* Extension */ = {
			isa = PBXGroup;
			children = (
				523BB59328D9C9BA00BE103C /* Media.xcassets */,
				523BB59528D9C9BA00BE103C /* ActionViewController.swift */,
				523BB59728D9C9BA00BE103C /* MainInterface.storyboard */,
				523BB59A28D9C9BA00BE103C /* Info.plist */,
			);
			path = Extension;
			sourceTree = "<group>";
		};
/* End PBXGroup section */

/* Begin PBXNativeTarget section */
		523BB57228D9C6FD00BE103C /* Project19-JavaScript-Injection */ = {
			isa = PBXNativeTarget;
			buildConfigurationList = 523BB58728D9C6FF00BE103C /* Build configuration list for PBXNativeTarget "Project19-JavaScript-Injection" */;
			buildPhases = (
				523BB56F28D9C6FD00BE103C /* Sources */,
				523BB57028D9C6FD00BE103C /* Frameworks */,
				523BB57128D9C6FD00BE103C /* Resources */,
				523BB59E28D9C9BA00BE103C /* Embed App Extensions */,
			);
			buildRules = (
			);
			dependencies = (
				523BB59C28D9C9BA00BE103C /* PBXTargetDependency */,
			);
			name = "Project19-JavaScript-Injection";
			productName = "Project19-JavaScript-Injection";
			productReference = 523BB57328D9C6FD00BE103C /* Project19-JavaScript-Injection.app */;
			productType = "com.apple.product-type.application";
		};
		523BB58D28D9C9BA00BE103C /* Extension */ = {
			isa = PBXNativeTarget;
			buildConfigurationList = 523BB5A128D9C9BB00BE103C /* Build configuration list for PBXNativeTarget "Extension" */;
			buildPhases = (
				523BB58A28D9C9BA00BE103C /* Sources */,
				523BB58B28D9C9BA00BE103C /* Frameworks */,
				523BB58C28D9C9BA00BE103C /* Resources */,
			);
			buildRules = (
			);
			dependencies = (
			);
			name = Extension;
			productName = Extension;
			productReference = 523BB58E28D9C9BA00BE103C /* Extension.appex */;
			productType = "com.apple.product-type.app-extension";
		};
/* End PBXNativeTarget section */

/* Begin PBXProject section */
		523BB56B28D9C6FD00BE103C /* Project object */ = {
			isa = PBXProject;
			attributes = {
				BuildIndependentTargetsInParallel = 1;
				LastSwiftUpdateCheck = 1320;
				LastUpgradeCheck = 1320;
				TargetAttributes = {
					523BB57228D9C6FD00BE103C = {
						CreatedOnToolsVersion = 13.2.1;
					};
					523BB58D28D9C9BA00BE103C = {
						CreatedOnToolsVersion = 13.2.1;
					};
				};
			};
			buildConfigurationList = 523BB56E28D9C6FD00BE103C /* Build configuration list for PBXProject "Project19-JavaScript-Injection" */;
			compatibilityVersion = "Xcode 13.0";
			developmentRegion = en;
			hasScannedForEncodings = 0;
			knownRegions = (
				en,
				Base,
			);
			mainGroup = 523BB56A28D9C6FD00BE103C;
			productRefGroup = 523BB57428D9C6FD00BE103C /* Products */;
			projectDirPath = "";
			projectRoot = "";
			targets = (
				523BB57228D9C6FD00BE103C /* Project19-JavaScript-Injection */,
				523BB58D28D9C9BA00BE103C /* Extension */,
			);
		};
/* End PBXProject section */

/* Begin PBXResourcesBuildPhase section */
		523BB57128D9C6FD00BE103C /* Resources */ = {
			isa = PBXResourcesBuildPhase;
			buildActionMask = 2147483647;
			files = (
				523BB58328D9C6FF00BE103C /* LaunchScreen.storyboard in Resources */,
				523BB58028D9C6FF00BE103C /* Assets.xcassets in Resources */,
				523BB57E28D9C6FD00BE103C /* Main.storyboard in Resources */,
			);
			runOnlyForDeploymentPostprocessing = 0;
		};
		523BB58C28D9C9BA00BE103C /* Resources */ = {
			isa = PBXResourcesBuildPhase;
			buildActionMask = 2147483647;
			files = (
				523BB59428D9C9BA00BE103C /* Media.xcassets in Resources */,
				523BB59928D9C9BA00BE103C /* MainInterface.storyboard in Resources */,
			);
			runOnlyForDeploymentPostprocessing = 0;
		};
/* End PBXResourcesBuildPhase section */

/* Begin PBXSourcesBuildPhase section */
		523BB56F28D9C6FD00BE103C /* Sources */ = {
			isa = PBXSourcesBuildPhase;
			buildActionMask = 2147483647;
			files = (
				523BB57B28D9C6FD00BE103C /* ViewController.swift in Sources */,
				523BB57728D9C6FD00BE103C /* AppDelegate.swift in Sources */,
				523BB57928D9C6FD00BE103C /* SceneDelegate.swift in Sources */,
			);
			runOnlyForDeploymentPostprocessing = 0;
		};
		523BB58A28D9C9BA00BE103C /* Sources */ = {
			isa = PBXSourcesBuildPhase;
			buildActionMask = 2147483647;
			files = (
				523BB59628D9C9BA00BE103C /* ActionViewController.swift in Sources */,
			);
			runOnlyForDeploymentPostprocessing = 0;
		};
/* End PBXSourcesBuildPhase section */

/* Begin PBXTargetDependency section */
		523BB59C28D9C9BA00BE103C /* PBXTargetDependency */ = {
			isa = PBXTargetDependency;
			target = 523BB58D28D9C9BA00BE103C /* Extension */;
			targetProxy = 523BB59B28D9C9BA00BE103C /* PBXContainerItemProxy */;
		};
/* End PBXTargetDependency section */

/* Begin PBXVariantGroup section */
		523BB57C28D9C6FD00BE103C /* Main.storyboard */ = {
			isa = PBXVariantGroup;
			children = (
				523BB57D28D9C6FD00BE103C /* Base */,
			);
			name = Main.storyboard;
			sourceTree = "<group>";
		};
		523BB58128D9C6FF00BE103C /* LaunchScreen.storyboard */ = {
			isa = PBXVariantGroup;
			children = (
				523BB58228D9C6FF00BE103C /* Base */,
			);
			name = LaunchScreen.storyboard;
			sourceTree = "<group>";
		};
		523BB59728D9C9BA00BE103C /* MainInterface.storyboard */ = {
			isa = PBXVariantGroup;
			children = (
				523BB59828D9C9BA00BE103C /* Base */,
			);
			name = MainInterface.storyboard;
			sourceTree = "<group>";
		};
/* End PBXVariantGroup section */

/* Begin XCBuildConfiguration section */
		523BB58528D9C6FF00BE103C /* Debug */ = {
			isa = XCBuildConfiguration;
			buildSettings = {
				ALWAYS_SEARCH_USER_PATHS = NO;
				CLANG_ANALYZER_NONNULL = YES;
				CLANG_ANALYZER_NUMBER_OBJECT_CONVERSION = YES_AGGRESSIVE;
				CLANG_CXX_LANGUAGE_STANDARD = "gnu++17";
				CLANG_CXX_LIBRARY = "libc++";
				CLANG_ENABLE_MODULES = YES;
				CLANG_ENABLE_OBJC_ARC = YES;
				CLANG_ENABLE_OBJC_WEAK = YES;
				CLANG_WARN_BLOCK_CAPTURE_AUTORELEASING = YES;
				CLANG_WARN_BOOL_CONVERSION = YES;
				CLANG_WARN_COMMA = YES;
				CLANG_WARN_CONSTANT_CONVERSION = YES;
				CLANG_WARN_DEPRECATED_OBJC_IMPLEMENTATIONS = YES;
				CLANG_WARN_DIRECT_OBJC_ISA_USAGE = YES_ERROR;
				CLANG_WARN_DOCUMENTATION_COMMENTS = YES;
				CLANG_WARN_EMPTY_BODY = YES;
				CLANG_WARN_ENUM_CONVERSION = YES;
				CLANG_WARN_INFINITE_RECURSION = YES;
				CLANG_WARN_INT_CONVERSION = YES;
				CLANG_WARN_NON_LITERAL_NULL_CONVERSION = YES;
				CLANG_WARN_OBJC_IMPLICIT_RETAIN_SELF = YES;
				CLANG_WARN_OBJC_LITERAL_CONVERSION = YES;
				CLANG_WARN_OBJC_ROOT_CLASS = YES_ERROR;
				CLANG_WARN_QUOTED_INCLUDE_IN_FRAMEWORK_HEADER = YES;
				CLANG_WARN_RANGE_LOOP_ANALYSIS = YES;
				CLANG_WARN_STRICT_PROTOTYPES = YES;
				CLANG_WARN_SUSPICIOUS_MOVE = YES;
				CLANG_WARN_UNGUARDED_AVAILABILITY = YES_AGGRESSIVE;
				CLANG_WARN_UNREACHABLE_CODE = YES;
				CLANG_WARN__DUPLICATE_METHOD_MATCH = YES;
				COPY_PHASE_STRIP = NO;
				DEBUG_INFORMATION_FORMAT = dwarf;
				ENABLE_STRICT_OBJC_MSGSEND = YES;
				ENABLE_TESTABILITY = YES;
				GCC_C_LANGUAGE_STANDARD = gnu11;
				GCC_DYNAMIC_NO_PIC = NO;
				GCC_NO_COMMON_BLOCKS = YES;
				GCC_OPTIMIZATION_LEVEL = 0;
				GCC_PREPROCESSOR_DEFINITIONS = (
					"DEBUG=1",
					"$(inherited)",
				);
				GCC_WARN_64_TO_32_BIT_CONVERSION = YES;
				GCC_WARN_ABOUT_RETURN_TYPE = YES_ERROR;
				GCC_WARN_UNDECLARED_SELECTOR = YES;
				GCC_WARN_UNINITIALIZED_AUTOS = YES_AGGRESSIVE;
				GCC_WARN_UNUSED_FUNCTION = YES;
				GCC_WARN_UNUSED_VARIABLE = YES;
				IPHONEOS_DEPLOYMENT_TARGET = 15.2;
				MTL_ENABLE_DEBUG_INFO = INCLUDE_SOURCE;
				MTL_FAST_MATH = YES;
				ONLY_ACTIVE_ARCH = YES;
				SDKROOT = iphoneos;
				SWIFT_ACTIVE_COMPILATION_CONDITIONS = DEBUG;
				SWIFT_OPTIMIZATION_LEVEL = "-Onone";
			};
			name = Debug;
		};
		523BB58628D9C6FF00BE103C /* Release */ = {
			isa = XCBuildConfiguration;
			buildSettings = {
				ALWAYS_SEARCH_USER_PATHS = NO;
				CLANG_ANALYZER_NONNULL = YES;
				CLANG_ANALYZER_NUMBER_OBJECT_CONVERSION = YES_AGGRESSIVE;
				CLANG_CXX_LANGUAGE_STANDARD = "gnu++17";
				CLANG_CXX_LIBRARY = "libc++";
				CLANG_ENABLE_MODULES = YES;
				CLANG_ENABLE_OBJC_ARC = YES;
				CLANG_ENABLE_OBJC_WEAK = YES;
				CLANG_WARN_BLOCK_CAPTURE_AUTORELEASING = YES;
				CLANG_WARN_BOOL_CONVERSION = YES;
				CLANG_WARN_COMMA = YES;
				CLANG_WARN_CONSTANT_CONVERSION = YES;
				CLANG_WARN_DEPRECATED_OBJC_IMPLEMENTATIONS = YES;
				CLANG_WARN_DIRECT_OBJC_ISA_USAGE = YES_ERROR;
				CLANG_WARN_DOCUMENTATION_COMMENTS = YES;
				CLANG_WARN_EMPTY_BODY = YES;
				CLANG_WARN_ENUM_CONVERSION = YES;
				CLANG_WARN_INFINITE_RECURSION = YES;
				CLANG_WARN_INT_CONVERSION = YES;
				CLANG_WARN_NON_LITERAL_NULL_CONVERSION = YES;
				CLANG_WARN_OBJC_IMPLICIT_RETAIN_SELF = YES;
				CLANG_WARN_OBJC_LITERAL_CONVERSION = YES;
				CLANG_WARN_OBJC_ROOT_CLASS = YES_ERROR;
				CLANG_WARN_QUOTED_INCLUDE_IN_FRAMEWORK_HEADER = YES;
				CLANG_WARN_RANGE_LOOP_ANALYSIS = YES;
				CLANG_WARN_STRICT_PROTOTYPES = YES;
				CLANG_WARN_SUSPICIOUS_MOVE = YES;
				CLANG_WARN_UNGUARDED_AVAILABILITY = YES_AGGRESSIVE;
				CLANG_WARN_UNREACHABLE_CODE = YES;
				CLANG_WARN__DUPLICATE_METHOD_MATCH = YES;
				COPY_PHASE_STRIP = NO;
				DEBUG_INFORMATION_FORMAT = "dwarf-with-dsym";
				ENABLE_NS_ASSERTIONS = NO;
				ENABLE_STRICT_OBJC_MSGSEND = YES;
				GCC_C_LANGUAGE_STANDARD = gnu11;
				GCC_NO_COMMON_BLOCKS = YES;
				GCC_WARN_64_TO_32_BIT_CONVERSION = YES;
				GCC_WARN_ABOUT_RETURN_TYPE = YES_ERROR;
				GCC_WARN_UNDECLARED_SELECTOR = YES;
				GCC_WARN_UNINITIALIZED_AUTOS = YES_AGGRESSIVE;
				GCC_WARN_UNUSED_FUNCTION = YES;
				GCC_WARN_UNUSED_VARIABLE = YES;
				IPHONEOS_DEPLOYMENT_TARGET = 15.2;
				MTL_ENABLE_DEBUG_INFO = NO;
				MTL_FAST_MATH = YES;
				SDKROOT = iphoneos;
				SWIFT_COMPILATION_MODE = wholemodule;
				SWIFT_OPTIMIZATION_LEVEL = "-O";
				VALIDATE_PRODUCT = YES;
			};
			name = Release;
		};
		523BB58828D9C6FF00BE103C /* Debug */ = {
			isa = XCBuildConfiguration;
			buildSettings = {
				ALWAYS_EMBED_SWIFT_STANDARD_LIBRARIES = YES;
				ASSETCATALOG_COMPILER_APPICON_NAME = AppIcon;
				ASSETCATALOG_COMPILER_GLOBAL_ACCENT_COLOR_NAME = AccentColor;
				CODE_SIGN_STYLE = Automatic;
				CURRENT_PROJECT_VERSION = 1;
				GENERATE_INFOPLIST_FILE = YES;
				INFOPLIST_FILE = "Project19-JavaScript-Injection/Info.plist";
				INFOPLIST_KEY_UIApplicationSupportsIndirectInputEvents = YES;
				INFOPLIST_KEY_UILaunchStoryboardName = LaunchScreen;
				INFOPLIST_KEY_UIMainStoryboardFile = Main;
				INFOPLIST_KEY_UISupportedInterfaceOrientations_iPad = "UIInterfaceOrientationPortrait UIInterfaceOrientationPortraitUpsideDown UIInterfaceOrientationLandscapeLeft UIInterfaceOrientationLandscapeRight";
				INFOPLIST_KEY_UISupportedInterfaceOrientations_iPhone = "UIInterfaceOrientationPortrait UIInterfaceOrientationLandscapeLeft UIInterfaceOrientationLandscapeRight";
				LD_RUNPATH_SEARCH_PATHS = (
					"$(inherited)",
					"@executable_path/Frameworks",
				);
				MARKETING_VERSION = 1.0;
				PRODUCT_BUNDLE_IDENTIFIER = "com.example.Project19-JavaScript-Injection";
				PRODUCT_NAME = "$(TARGET_NAME)";
				SWIFT_EMIT_LOC_STRINGS = YES;
				SWIFT_VERSION = 5.0;
				TARGETED_DEVICE_FAMILY = "1,2";
			};
			name = Debug;
		};
		523BB58928D9C6FF00BE103C /* Release */ = {
			isa = XCBuildConfiguration;
			buildSettings = {
				ALWAYS_EMBED_SWIFT_STANDARD_LIBRARIES = YES;
				ASSETCATALOG_COMPILER_APPICON_NAME = AppIcon;
				ASSETCATALOG_COMPILER_GLOBAL_ACCENT_COLOR_NAME = AccentColor;
				CODE_SIGN_STYLE = Automatic;
				CURRENT_PROJECT_VERSION = 1;
				GENERATE_INFOPLIST_FILE = YES;
				INFOPLIST_FILE = "Project19-JavaScript-Injection/Info.plist";
				INFOPLIST_KEY_UIApplicationSupportsIndirectInputEvents = YES;
				INFOPLIST_KEY_UILaunchStoryboardName = LaunchScreen;
				INFOPLIST_KEY_UIMainStoryboardFile = Main;
				INFOPLIST_KEY_UISupportedInterfaceOrientations_iPad = "UIInterfaceOrientationPortrait UIInterfaceOrientationPortraitUpsideDown UIInterfaceOrientationLandscapeLeft UIInterfaceOrientationLandscapeRight";
				INFOPLIST_KEY_UISupportedInterfaceOrientations_iPhone = "UIInterfaceOrientationPortrait UIInterfaceOrientationLandscapeLeft UIInterfaceOrientationLandscapeRight";
				LD_RUNPATH_SEARCH_PATHS = (
					"$(inherited)",
					"@executable_path/Frameworks",
				);
				MARKETING_VERSION = 1.0;
				PRODUCT_BUNDLE_IDENTIFIER = "com.example.Project19-JavaScript-Injection";
				PRODUCT_NAME = "$(TARGET_NAME)";
				SWIFT_EMIT_LOC_STRINGS = YES;
				SWIFT_VERSION = 5.0;
				TARGETED_DEVICE_FAMILY = "1,2";
			};
			name = Release;
		};
		523BB59F28D9C9BA00BE103C /* Debug */ = {
			isa = XCBuildConfiguration;
			buildSettings = {
				CODE_SIGN_STYLE = Automatic;
				CURRENT_PROJECT_VERSION = 1;
				GENERATE_INFOPLIST_FILE = YES;
				INFOPLIST_FILE = Extension/Info.plist;
				INFOPLIST_KEY_CFBundleDisplayName = Extension;
				INFOPLIST_KEY_NSHumanReadableCopyright = "";
				LD_RUNPATH_SEARCH_PATHS = (
					"$(inherited)",
					"@executable_path/Frameworks",
					"@executable_path/../../Frameworks",
				);
				MARKETING_VERSION = 1.0;
				PRODUCT_BUNDLE_IDENTIFIER = "com.example.Project19-JavaScript-Injection.Extension";
				PRODUCT_NAME = "$(TARGET_NAME)";
				SKIP_INSTALL = YES;
				SWIFT_EMIT_LOC_STRINGS = YES;
				SWIFT_VERSION = 5.0;
				TARGETED_DEVICE_FAMILY = "1,2";
			};
			name = Debug;
		};
		523BB5A028D9C9BA00BE103C /* Release */ = {
			isa = XCBuildConfiguration;
			buildSettings = {
				CODE_SIGN_STYLE = Automatic;
				CURRENT_PROJECT_VERSION = 1;
				GENERATE_INFOPLIST_FILE = YES;
				INFOPLIST_FILE = Extension/Info.plist;
				INFOPLIST_KEY_CFBundleDisplayName = Extension;
				INFOPLIST_KEY_NSHumanReadableCopyright = "";
				LD_RUNPATH_SEARCH_PATHS = (
					"$(inherited)",
					"@executable_path/Frameworks",
					"@executable_path/../../Frameworks",
				);
				MARKETING_VERSION = 1.0;
				PRODUCT_BUNDLE_IDENTIFIER = "com.example.Project19-JavaScript-Injection.Extension";
				PRODUCT_NAME = "$(TARGET_NAME)";
				SKIP_INSTALL = YES;
				SWIFT_EMIT_LOC_STRINGS = YES;
				SWIFT_VERSION = 5.0;
				TARGETED_DEVICE_FAMILY = "1,2";
			};
			name = Release;
		};
/* End XCBuildConfiguration section */

/* Begin XCConfigurationList section */
		523BB56E28D9C6FD00BE103C /* Build configuration list for PBXProject "Project19-JavaScript-Injection" */ = {
			isa = XCConfigurationList;
			buildConfigurations = (
				523BB58528D9C6FF00BE103C /* Debug */,
				523BB58628D9C6FF00BE103C /* Release */,
			);
			defaultConfigurationIsVisible = 0;
			defaultConfigurationName = Release;
		};
		523BB58728D9C6FF00BE103C /* Build configuration list for PBXNativeTarget "Project19-JavaScript-Injection" */ = {
			isa = XCConfigurationList;
			buildConfigurations = (
				523BB58828D9C6FF00BE103C /* Debug */,
				523BB58928D9C6FF00BE103C /* Release */,
			);
			defaultConfigurationIsVisible = 0;
			defaultConfigurationName = Release;
		};
		523BB5A128D9C9BB00BE103C /* Build configuration list for PBXNativeTarget "Extension" */ = {
			isa = XCConfigurationList;
			buildConfigurations = (
				523BB59F28D9C9BA00BE103C /* Debug */,
				523BB5A028D9C9BA00BE103C /* Release */,
			);
			defaultConfigurationIsVisible = 0;
			defaultConfigurationName = Release;
		};
/* End XCConfigurationList section */
	};
	rootObject = 523BB56B28D9C6FD00BE103C /* Project object */;
}
