// !$*UTF8*$!
{
	archiveVersion = 1;
	classes = {
	};
	objectVersion = 55;
	objects = {

/* Begin PBXBuildFile section */
		52C846A928EEE61D00BE169B /* GameScene.sks in Resources */ = {isa = PBXBuildFile; fileRef = 52C846A828EEE61D00BE169B /* GameScene.sks */; };
		52FAFC4D28EDA2DD00059B55 /* AppDelegate.swift in Sources */ = {isa = PBXBuildFile; fileRef = 52FAFC4C28EDA2DD00059B55 /* AppDelegate.swift */; };
		52FAFC5328EDA2DD00059B55 /* GameScene.swift in Sources */ = {isa = PBXBuildFile; fileRef = 52FAFC5228EDA2DD00059B55 /* GameScene.swift */; };
		52FAFC5528EDA2DD00059B55 /* GameViewController.swift in Sources */ = {isa = PBXBuildFile; fileRef = 52FAFC5428EDA2DD00059B55 /* GameViewController.swift */; };
		52FAFC5828EDA2DD00059B55 /* Main.storyboard in Resources */ = {isa = PBXBuildFile; fileRef = 52FAFC5628EDA2DD00059B55 /* Main.storyboard */; };
		52FAFC5A28EDA2E100059B55 /* Assets.xcassets in Resources */ = {isa = PBXBuildFile; fileRef = 52FAFC5928EDA2E100059B55 /* Assets.xcassets */; };
		52FAFC5D28EDA2E200059B55 /* LaunchScreen.storyboard in Resources */ = {isa = PBXBuildFile; fileRef = 52FAFC5B28EDA2E200059B55 /* LaunchScreen.storyboard */; };
		52FAFC6E28EDA43800059B55 /* sliceHitBomb.sks in Resources */ = {isa = PBXBuildFile; fileRef = 52FAFC6328EDA43400059B55 /* sliceHitBomb.sks */; };
		52FAFC6F28EDA43800059B55 /* sliceFuse.sks in Resources */ = {isa = PBXBuildFile; fileRef = 52FAFC6428EDA43400059B55 /* sliceFuse.sks */; };
		52FAFC7028EDA43800059B55 /* swoosh1.caf in Resources */ = {isa = PBXBuildFile; fileRef = 52FAFC6528EDA43400059B55 /* swoosh1.caf */; };
		52FAFC7128EDA43800059B55 /* explosion.caf in Resources */ = {isa = PBXBuildFile; fileRef = 52FAFC6628EDA43500059B55 /* explosion.caf */; };
		52FAFC7228EDA43800059B55 /* swoosh2.caf in Resources */ = {isa = PBXBuildFile; fileRef = 52FAFC6728EDA43500059B55 /* swoosh2.caf */; };
		52FAFC7328EDA43800059B55 /* wrong.caf in Resources */ = {isa = PBXBuildFile; fileRef = 52FAFC6828EDA43600059B55 /* wrong.caf */; };
		52FAFC7428EDA43800059B55 /* launch.caf in Resources */ = {isa = PBXBuildFile; fileRef = 52FAFC6928EDA43600059B55 /* launch.caf */; };
		52FAFC7528EDA43800059B55 /* sliceHitEnemy.sks in Resources */ = {isa = PBXBuildFile; fileRef = 52FAFC6A28EDA43600059B55 /* sliceHitEnemy.sks */; };
		52FAFC7628EDA43800059B55 /* sliceBombFuse.caf in Resources */ = {isa = PBXBuildFile; fileRef = 52FAFC6B28EDA43700059B55 /* sliceBombFuse.caf */; };
		52FAFC7728EDA43800059B55 /* swoosh3.caf in Resources */ = {isa = PBXBuildFile; fileRef = 52FAFC6C28EDA43700059B55 /* swoosh3.caf */; };
		52FAFC7828EDA43800059B55 /* whack.caf in Resources */ = {isa = PBXBuildFile; fileRef = 52FAFC6D28EDA43800059B55 /* whack.caf */; };
/* End PBXBuildFile section */

/* Begin PBXFileReference section */
		52C846A828EEE61D00BE169B /* GameScene.sks */ = {isa = PBXFileReference; lastKnownFileType = file.sks; path = GameScene.sks; sourceTree = "<group>"; };
		52FAFC4928EDA2DD00059B55 /* Project23-Swifty-Ninja.app */ = {isa = PBXFileReference; explicitFileType = wrapper.application; includeInIndex = 0; path = "Project23-Swifty-Ninja.app"; sourceTree = BUILT_PRODUCTS_DIR; };
		52FAFC4C28EDA2DD00059B55 /* AppDelegate.swift */ = {isa = PBXFileReference; lastKnownFileType = sourcecode.swift; path = AppDelegate.swift; sourceTree = "<group>"; };
		52FAFC5228EDA2DD00059B55 /* GameScene.swift */ = {isa = PBXFileReference; lastKnownFileType = sourcecode.swift; path = GameScene.swift; sourceTree = "<group>"; };
		52FAFC5428EDA2DD00059B55 /* GameViewController.swift */ = {isa = PBXFileReference; lastKnownFileType = sourcecode.swift; path = GameViewController.swift; sourceTree = "<group>"; };
		52FAFC5728EDA2DD00059B55 /* Base */ = {isa = PBXFileReference; lastKnownFileType = file.storyboard; name = Base; path = Base.lproj/Main.storyboard; sourceTree = "<group>"; };
		52FAFC5928EDA2E100059B55 /* Assets.xcassets */ = {isa = PBXFileReference; lastKnownFileType = folder.assetcatalog; path = Assets.xcassets; sourceTree = "<group>"; };
		52FAFC5C28EDA2E200059B55 /* Base */ = {isa = PBXFileReference; lastKnownFileType = file.storyboard; name = Base; path = Base.lproj/LaunchScreen.storyboard; sourceTree = "<group>"; };
		52FAFC6328EDA43400059B55 /* sliceHitBomb.sks */ = {isa = PBXFileReference; lastKnownFileType = file.sks; path = sliceHitBomb.sks; sourceTree = "<group>"; };
		52FAFC6428EDA43400059B55 /* sliceFuse.sks */ = {isa = PBXFileReference; lastKnownFileType = file.sks; path = sliceFuse.sks; sourceTree = "<group>"; };
		52FAFC6528EDA43400059B55 /* swoosh1.caf */ = {isa = PBXFileReference; lastKnownFileType = file; path = swoosh1.caf; sourceTree = "<group>"; };
		52FAFC6628EDA43500059B55 /* explosion.caf */ = {isa = PBXFileReference; lastKnownFileType = file; path = explosion.caf; sourceTree = "<group>"; };
		52FAFC6728EDA43500059B55 /* swoosh2.caf */ = {isa = PBXFileReference; lastKnownFileType = file; path = swoosh2.caf; sourceTree = "<group>"; };
		52FAFC6828EDA43600059B55 /* wrong.caf */ = {isa = PBXFileReference; lastKnownFileType = file; path = wrong.caf; sourceTree = "<group>"; };
		52FAFC6928EDA43600059B55 /* launch.caf */ = {isa = PBXFileReference; lastKnownFileType = file; path = launch.caf; sourceTree = "<group>"; };
		52FAFC6A28EDA43600059B55 /* sliceHitEnemy.sks */ = {isa = PBXFileReference; lastKnownFileType = file.sks; path = sliceHitEnemy.sks; sourceTree = "<group>"; };
		52FAFC6B28EDA43700059B55 /* sliceBombFuse.caf */ = {isa = PBXFileReference; lastKnownFileType = file; path = sliceBombFuse.caf; sourceTree = "<group>"; };
		52FAFC6C28EDA43700059B55 /* swoosh3.caf */ = {isa = PBXFileReference; lastKnownFileType = file; path = swoosh3.caf; sourceTree = "<group>"; };
		52FAFC6D28EDA43800059B55 /* whack.caf */ = {isa = PBXFileReference; lastKnownFileType = file; path = whack.caf; sourceTree = "<group>"; };
/* End PBXFileReference section */

/* Begin PBXFrameworksBuildPhase section */
		52FAFC4628EDA2DD00059B55 /* Frameworks */ = {
			isa = PBXFrameworksBuildPhase;
			buildActionMask = 2147483647;
			files = (
			);
			runOnlyForDeploymentPostprocessing = 0;
		};
/* End PBXFrameworksBuildPhase section */

/* Begin PBXGroup section */
		52FAFC4028EDA2DD00059B55 = {
			isa = PBXGroup;
			children = (
				52FAFC4B28EDA2DD00059B55 /* Project23-Swifty-Ninja */,
				52FAFC4A28EDA2DD00059B55 /* Products */,
			);
			sourceTree = "<group>";
		};
		52FAFC4A28EDA2DD00059B55 /* Products */ = {
			isa = PBXGroup;
			children = (
				52FAFC4928EDA2DD00059B55 /* Project23-Swifty-Ninja.app */,
			);
			name = Products;
			sourceTree = "<group>";
		};
		52FAFC4B28EDA2DD00059B55 /* Project23-Swifty-Ninja */ = {
			isa = PBXGroup;
			children = (
				52FAFC4C28EDA2DD00059B55 /* AppDelegate.swift */,
				52FAFC5228EDA2DD00059B55 /* GameScene.swift */,
				52C846A828EEE61D00BE169B /* GameScene.sks */,
				52FAFC5428EDA2DD00059B55 /* GameViewController.swift */,
				52FAFC5628EDA2DD00059B55 /* Main.storyboard */,
				52FAFC5928EDA2E100059B55 /* Assets.xcassets */,
				52FAFC5B28EDA2E200059B55 /* LaunchScreen.storyboard */,
				52FAFC6628EDA43500059B55 /* explosion.caf */,
				52FAFC6928EDA43600059B55 /* launch.caf */,
				52FAFC6B28EDA43700059B55 /* sliceBombFuse.caf */,
				52FAFC6428EDA43400059B55 /* sliceFuse.sks */,
				52FAFC6328EDA43400059B55 /* sliceHitBomb.sks */,
				52FAFC6A28EDA43600059B55 /* sliceHitEnemy.sks */,
				52FAFC6528EDA43400059B55 /* swoosh1.caf */,
				52FAFC6728EDA43500059B55 /* swoosh2.caf */,
				52FAFC6C28EDA43700059B55 /* swoosh3.caf */,
				52FAFC6D28EDA43800059B55 /* whack.caf */,
				52FAFC6828EDA43600059B55 /* wrong.caf */,
			);
			path = "Project23-Swifty-Ninja";
			sourceTree = "<group>";
		};
/* End PBXGroup section */

/* Begin PBXNativeTarget section */
		52FAFC4828EDA2DD00059B55 /* Project23-Swifty-Ninja */ = {
			isa = PBXNativeTarget;
			buildConfigurationList = 52FAFC6028EDA2E200059B55 /* Build configuration list for PBXNativeTarget "Project23-Swifty-Ninja" */;
			buildPhases = (
				52FAFC4528EDA2DD00059B55 /* Sources */,
				52FAFC4628EDA2DD00059B55 /* Frameworks */,
				52FAFC4728EDA2DD00059B55 /* Resources */,
			);
			buildRules = (
			);
			dependencies = (
			);
			name = "Project23-Swifty-Ninja";
			productName = "Project23-Swifty-Ninja";
			productReference = 52FAFC4928EDA2DD00059B55 /* Project23-Swifty-Ninja.app */;
			productType = "com.apple.product-type.application";
		};
/* End PBXNativeTarget section */

/* Begin PBXProject section */
		52FAFC4128EDA2DD00059B55 /* Project object */ = {
			isa = PBXProject;
			attributes = {
				BuildIndependentTargetsInParallel = 1;
				LastSwiftUpdateCheck = 1320;
				LastUpgradeCheck = 1320;
				TargetAttributes = {
					52FAFC4828EDA2DD00059B55 = {
						CreatedOnToolsVersion = 13.2.1;
					};
				};
			};
			buildConfigurationList = 52FAFC4428EDA2DD00059B55 /* Build configuration list for PBXProject "Project23-Swifty-Ninja" */;
			compatibilityVersion = "Xcode 13.0";
			developmentRegion = en;
			hasScannedForEncodings = 0;
			knownRegions = (
				en,
				Base,
			);
			mainGroup = 52FAFC4028EDA2DD00059B55;
			productRefGroup = 52FAFC4A28EDA2DD00059B55 /* Products */;
			projectDirPath = "";
			projectRoot = "";
			targets = (
				52FAFC4828EDA2DD00059B55 /* Project23-Swifty-Ninja */,
			);
		};
/* End PBXProject section */

/* Begin PBXResourcesBuildPhase section */
		52FAFC4728EDA2DD00059B55 /* Resources */ = {
			isa = PBXResourcesBuildPhase;
			buildActionMask = 2147483647;
			files = (
				52FAFC7028EDA43800059B55 /* swoosh1.caf in Resources */,
				52C846A928EEE61D00BE169B /* GameScene.sks in Resources */,
				52FAFC7428EDA43800059B55 /* launch.caf in Resources */,
				52FAFC5828EDA2DD00059B55 /* Main.storyboard in Resources */,
				52FAFC7528EDA43800059B55 /* sliceHitEnemy.sks in Resources */,
				52FAFC7628EDA43800059B55 /* sliceBombFuse.caf in Resources */,
				52FAFC5A28EDA2E100059B55 /* Assets.xcassets in Resources */,
				52FAFC5D28EDA2E200059B55 /* LaunchScreen.storyboard in Resources */,
				52FAFC7228EDA43800059B55 /* swoosh2.caf in Resources */,
				52FAFC6E28EDA43800059B55 /* sliceHitBomb.sks in Resources */,
				52FAFC7128EDA43800059B55 /* explosion.caf in Resources */,
				52FAFC7828EDA43800059B55 /* whack.caf in Resources */,
				52FAFC7328EDA43800059B55 /* wrong.caf in Resources */,
				52FAFC6F28EDA43800059B55 /* sliceFuse.sks in Resources */,
				52FAFC7728EDA43800059B55 /* swoosh3.caf in Resources */,
			);
			runOnlyForDeploymentPostprocessing = 0;
		};
/* End PBXResourcesBuildPhase section */

/* Begin PBXSourcesBuildPhase section */
		52FAFC4528EDA2DD00059B55 /* Sources */ = {
			isa = PBXSourcesBuildPhase;
			buildActionMask = 2147483647;
			files = (
				52FAFC5328EDA2DD00059B55 /* GameScene.swift in Sources */,
				52FAFC5528EDA2DD00059B55 /* GameViewController.swift in Sources */,
				52FAFC4D28EDA2DD00059B55 /* AppDelegate.swift in Sources */,
			);
			runOnlyForDeploymentPostprocessing = 0;
		};
/* End PBXSourcesBuildPhase section */

/* Begin PBXVariantGroup section */
		52FAFC5628EDA2DD00059B55 /* Main.storyboard */ = {
			isa = PBXVariantGroup;
			children = (
				52FAFC5728EDA2DD00059B55 /* Base */,
			);
			name = Main.storyboard;
			sourceTree = "<group>";
		};
		52FAFC5B28EDA2E200059B55 /* LaunchScreen.storyboard */ = {
			isa = PBXVariantGroup;
			children = (
				52FAFC5C28EDA2E200059B55 /* Base */,
			);
			name = LaunchScreen.storyboard;
			sourceTree = "<group>";
		};
/* End PBXVariantGroup section */

/* Begin XCBuildConfiguration section */
		52FAFC5E28EDA2E200059B55 /* Debug */ = {
			isa = XCBuildConfiguration;
			buildSettings = {
				ALWAYS_SEARCH_USER_PATHS = NO;
				CLANG_ANALYZER_NONNULL = YES;
				CLANG_ANALYZER_NUMBER_OBJECT_CONVERSION = YES_AGGRESSIVE;
				CLANG_CXX_LANGUAGE_STANDARD = "gnu++17";
				CLANG_CXX_LIBRARY = "libc++";
				CLANG_ENABLE_MODULES = YES;
				CLANG_ENABLE_OBJC_ARC = YES;
				CLANG_ENABLE_OBJC_WEAK = YES;
				CLANG_WARN_BLOCK_CAPTURE_AUTORELEASING = YES;
				CLANG_WARN_BOOL_CONVERSION = YES;
				CLANG_WARN_COMMA = YES;
				CLANG_WARN_CONSTANT_CONVERSION = YES;
				CLANG_WARN_DEPRECATED_OBJC_IMPLEMENTATIONS = YES;
				CLANG_WARN_DIRECT_OBJC_ISA_USAGE = YES_ERROR;
				CLANG_WARN_DOCUMENTATION_COMMENTS = YES;
				CLANG_WARN_EMPTY_BODY = YES;
				CLANG_WARN_ENUM_CONVERSION = YES;
				CLANG_WARN_INFINITE_RECURSION = YES;
				CLANG_WARN_INT_CONVERSION = YES;
				CLANG_WARN_NON_LITERAL_NULL_CONVERSION = YES;
				CLANG_WARN_OBJC_IMPLICIT_RETAIN_SELF = YES;
				CLANG_WARN_OBJC_LITERAL_CONVERSION = YES;
				CLANG_WARN_OBJC_ROOT_CLASS = YES_ERROR;
				CLANG_WARN_QUOTED_INCLUDE_IN_FRAMEWORK_HEADER = YES;
				CLANG_WARN_RANGE_LOOP_ANALYSIS = YES;
				CLANG_WARN_STRICT_PROTOTYPES = YES;
				CLANG_WARN_SUSPICIOUS_MOVE = YES;
				CLANG_WARN_UNGUARDED_AVAILABILITY = YES_AGGRESSIVE;
				CLANG_WARN_UNREACHABLE_CODE = YES;
				CLANG_WARN__DUPLICATE_METHOD_MATCH = YES;
				COPY_PHASE_STRIP = NO;
				DEBUG_INFORMATION_FORMAT = dwarf;
				ENABLE_STRICT_OBJC_MSGSEND = YES;
				ENABLE_TESTABILITY = YES;
				GCC_C_LANGUAGE_STANDARD = gnu11;
				GCC_DYNAMIC_NO_PIC = NO;
				GCC_NO_COMMON_BLOCKS = YES;
				GCC_OPTIMIZATION_LEVEL = 0;
				GCC_PREPROCESSOR_DEFINITIONS = (
					"DEBUG=1",
					"$(inherited)",
				);
				GCC_WARN_64_TO_32_BIT_CONVERSION = YES;
				GCC_WARN_ABOUT_RETURN_TYPE = YES_ERROR;
				GCC_WARN_UNDECLARED_SELECTOR = YES;
				GCC_WARN_UNINITIALIZED_AUTOS = YES_AGGRESSIVE;
				GCC_WARN_UNUSED_FUNCTION = YES;
				GCC_WARN_UNUSED_VARIABLE = YES;
				IPHONEOS_DEPLOYMENT_TARGET = 15.2;
				MTL_ENABLE_DEBUG_INFO = INCLUDE_SOURCE;
				MTL_FAST_MATH = YES;
				ONLY_ACTIVE_ARCH = YES;
				SDKROOT = iphoneos;
				SWIFT_ACTIVE_COMPILATION_CONDITIONS = DEBUG;
				SWIFT_OPTIMIZATION_LEVEL = "-Onone";
			};
			name = Debug;
		};
		52FAFC5F28EDA2E200059B55 /* Release */ = {
			isa = XCBuildConfiguration;
			buildSettings = {
				ALWAYS_SEARCH_USER_PATHS = NO;
				CLANG_ANALYZER_NONNULL = YES;
				CLANG_ANALYZER_NUMBER_OBJECT_CONVERSION = YES_AGGRESSIVE;
				CLANG_CXX_LANGUAGE_STANDARD = "gnu++17";
				CLANG_CXX_LIBRARY = "libc++";
				CLANG_ENABLE_MODULES = YES;
				CLANG_ENABLE_OBJC_ARC = YES;
				CLANG_ENABLE_OBJC_WEAK = YES;
				CLANG_WARN_BLOCK_CAPTURE_AUTORELEASING = YES;
				CLANG_WARN_BOOL_CONVERSION = YES;
				CLANG_WARN_COMMA = YES;
				CLANG_WARN_CONSTANT_CONVERSION = YES;
				CLANG_WARN_DEPRECATED_OBJC_IMPLEMENTATIONS = YES;
				CLANG_WARN_DIRECT_OBJC_ISA_USAGE = YES_ERROR;
				CLANG_WARN_DOCUMENTATION_COMMENTS = YES;
				CLANG_WARN_EMPTY_BODY = YES;
				CLANG_WARN_ENUM_CONVERSION = YES;
				CLANG_WARN_INFINITE_RECURSION = YES;
				CLANG_WARN_INT_CONVERSION = YES;
				CLANG_WARN_NON_LITERAL_NULL_CONVERSION = YES;
				CLANG_WARN_OBJC_IMPLICIT_RETAIN_SELF = YES;
				CLANG_WARN_OBJC_LITERAL_CONVERSION = YES;
				CLANG_WARN_OBJC_ROOT_CLASS = YES_ERROR;
				CLANG_WARN_QUOTED_INCLUDE_IN_FRAMEWORK_HEADER = YES;
				CLANG_WARN_RANGE_LOOP_ANALYSIS = YES;
				CLANG_WARN_STRICT_PROTOTYPES = YES;
				CLANG_WARN_SUSPICIOUS_MOVE = YES;
				CLANG_WARN_UNGUARDED_AVAILABILITY = YES_AGGRESSIVE;
				CLANG_WARN_UNREACHABLE_CODE = YES;
				CLANG_WARN__DUPLICATE_METHOD_MATCH = YES;
				COPY_PHASE_STRIP = NO;
				DEBUG_INFORMATION_FORMAT = "dwarf-with-dsym";
				ENABLE_NS_ASSERTIONS = NO;
				ENABLE_STRICT_OBJC_MSGSEND = YES;
				GCC_C_LANGUAGE_STANDARD = gnu11;
				GCC_NO_COMMON_BLOCKS = YES;
				GCC_WARN_64_TO_32_BIT_CONVERSION = YES;
				GCC_WARN_ABOUT_RETURN_TYPE = YES_ERROR;
				GCC_WARN_UNDECLARED_SELECTOR = YES;
				GCC_WARN_UNINITIALIZED_AUTOS = YES_AGGRESSIVE;
				GCC_WARN_UNUSED_FUNCTION = YES;
				GCC_WARN_UNUSED_VARIABLE = YES;
				IPHONEOS_DEPLOYMENT_TARGET = 15.2;
				MTL_ENABLE_DEBUG_INFO = NO;
				MTL_FAST_MATH = YES;
				SDKROOT = iphoneos;
				SWIFT_COMPILATION_MODE = wholemodule;
				SWIFT_OPTIMIZATION_LEVEL = "-O";
				VALIDATE_PRODUCT = YES;
			};
			name = Release;
		};
		52FAFC6128EDA2E200059B55 /* Debug */ = {
			isa = XCBuildConfiguration;
			buildSettings = {
				ASSETCATALOG_COMPILER_APPICON_NAME = AppIcon;
				ASSETCATALOG_COMPILER_GLOBAL_ACCENT_COLOR_NAME = AccentColor;
				CODE_SIGN_STYLE = Automatic;
				CURRENT_PROJECT_VERSION = 1;
				GENERATE_INFOPLIST_FILE = YES;
				INFOPLIST_KEY_UIApplicationSupportsIndirectInputEvents = YES;
				INFOPLIST_KEY_UILaunchStoryboardName = LaunchScreen;
				INFOPLIST_KEY_UIMainStoryboardFile = Main;
				INFOPLIST_KEY_UIStatusBarHidden = YES;
				INFOPLIST_KEY_UISupportedInterfaceOrientations_iPad = "UIInterfaceOrientationLandscapeLeft UIInterfaceOrientationLandscapeRight";
				INFOPLIST_KEY_UISupportedInterfaceOrientations_iPhone = "UIInterfaceOrientationPortrait UIInterfaceOrientationLandscapeLeft UIInterfaceOrientationLandscapeRight";
				LD_RUNPATH_SEARCH_PATHS = (
					"$(inherited)",
					"@executable_path/Frameworks",
				);
				MARKETING_VERSION = 1.0;
				PRODUCT_BUNDLE_IDENTIFIER = "com.example.Project23-Swifty-Ninja";
				PRODUCT_NAME = "$(TARGET_NAME)";
				SWIFT_EMIT_LOC_STRINGS = YES;
				SWIFT_VERSION = 5.0;
				TARGETED_DEVICE_FAMILY = 2;
			};
			name = Debug;
		};
		52FAFC6228EDA2E200059B55 /* Release */ = {
			isa = XCBuildConfiguration;
			buildSettings = {
				ASSETCATALOG_COMPILER_APPICON_NAME = AppIcon;
				ASSETCATALOG_COMPILER_GLOBAL_ACCENT_COLOR_NAME = AccentColor;
				CODE_SIGN_STYLE = Automatic;
				CURRENT_PROJECT_VERSION = 1;
				GENERATE_INFOPLIST_FILE = YES;
				INFOPLIST_KEY_UIApplicationSupportsIndirectInputEvents = YES;
				INFOPLIST_KEY_UILaunchStoryboardName = LaunchScreen;
				INFOPLIST_KEY_UIMainStoryboardFile = Main;
				INFOPLIST_KEY_UIStatusBarHidden = YES;
				INFOPLIST_KEY_UISupportedInterfaceOrientations_iPad = "UIInterfaceOrientationLandscapeLeft UIInterfaceOrientationLandscapeRight";
				INFOPLIST_KEY_UISupportedInterfaceOrientations_iPhone = "UIInterfaceOrientationPortrait UIInterfaceOrientationLandscapeLeft UIInterfaceOrientationLandscapeRight";
				LD_RUNPATH_SEARCH_PATHS = (
					"$(inherited)",
					"@executable_path/Frameworks",
				);
				MARKETING_VERSION = 1.0;
				PRODUCT_BUNDLE_IDENTIFIER = "com.example.Project23-Swifty-Ninja";
				PRODUCT_NAME = "$(TARGET_NAME)";
				SWIFT_EMIT_LOC_STRINGS = YES;
				SWIFT_VERSION = 5.0;
				TARGETED_DEVICE_FAMILY = 2;
			};
			name = Release;
		};
/* End XCBuildConfiguration section */

/* Begin XCConfigurationList section */
		52FAFC4428EDA2DD00059B55 /* Build configuration list for PBXProject "Project23-Swifty-Ninja" */ = {
			isa = XCConfigurationList;
			buildConfigurations = (
				52FAFC5E28EDA2E200059B55 /* Debug */,
				52FAFC5F28EDA2E200059B55 /* Release */,
			);
			defaultConfigurationIsVisible = 0;
			defaultConfigurationName = Release;
		};
		52FAFC6028EDA2E200059B55 /* Build configuration list for PBXNativeTarget "Project23-Swifty-Ninja" */ = {
			isa = XCConfigurationList;
			buildConfigurations = (
				52FAFC6128EDA2E200059B55 /* Debug */,
				52FAFC6228EDA2E200059B55 /* Release */,
			);
			defaultConfigurationIsVisible = 0;
			defaultConfigurationName = Release;
		};
/* End XCConfigurationList section */
	};
	rootObject = 52FAFC4128EDA2DD00059B55 /* Project object */;
}
