// !$*UTF8*$!
{
	archiveVersion = 1;
	classes = {
	};
	objectVersion = 55;
	objects = {

/* Begin PBXBuildFile section */
		52AEC337287AD20600156A9E /* AppDelegate.swift in Sources */ = {isa = PBXBuildFile; fileRef = 52AEC336287AD20600156A9E /* AppDelegate.swift */; };
		52AEC339287AD20600156A9E /* SceneDelegate.swift in Sources */ = {isa = PBXBuildFile; fileRef = 52AEC338287AD20600156A9E /* SceneDelegate.swift */; };
		52AEC33B287AD20600156A9E /* ViewController.swift in Sources */ = {isa = PBXBuildFile; fileRef = 52AEC33A287AD20600156A9E /* ViewController.swift */; };
		52AEC33E287AD20600156A9E /* Main.storyboard in Resources */ = {isa = PBXBuildFile; fileRef = 52AEC33C287AD20600156A9E /* Main.storyboard */; };
		52AEC340287AD20800156A9E /* Assets.xcassets in Resources */ = {isa = PBXBuildFile; fileRef = 52AEC33F287AD20800156A9E /* Assets.xcassets */; };
		52AEC343287AD20800156A9E /* LaunchScreen.storyboard in Resources */ = {isa = PBXBuildFile; fileRef = 52AEC341287AD20800156A9E /* LaunchScreen.storyboard */; };
		52AEC34B287AE5F400156A9E /* Petition.swift in Sources */ = {isa = PBXBuildFile; fileRef = 52AEC34A287AE5F400156A9E /* Petition.swift */; };
		52AEC34D287AE69B00156A9E /* Petitions.swift in Sources */ = {isa = PBXBuildFile; fileRef = 52AEC34C287AE69B00156A9E /* Petitions.swift */; };
		52AEC34F287CB70100156A9E /* DetailViewController.swift in Sources */ = {isa = PBXBuildFile; fileRef = 52AEC34E287CB70100156A9E /* DetailViewController.swift */; };
/* End PBXBuildFile section */

/* Begin PBXFileReference section */
		52AEC333287AD20600156A9E /* Project7-Whitehouse-Petitions.app */ = {isa = PBXFileReference; explicitFileType = wrapper.application; includeInIndex = 0; path = "Project7-Whitehouse-Petitions.app"; sourceTree = BUILT_PRODUCTS_DIR; };
		52AEC336287AD20600156A9E /* AppDelegate.swift */ = {isa = PBXFileReference; lastKnownFileType = sourcecode.swift; path = AppDelegate.swift; sourceTree = "<group>"; };
		52AEC338287AD20600156A9E /* SceneDelegate.swift */ = {isa = PBXFileReference; lastKnownFileType = sourcecode.swift; path = SceneDelegate.swift; sourceTree = "<group>"; };
		52AEC33A287AD20600156A9E /* ViewController.swift */ = {isa = PBXFileReference; lastKnownFileType = sourcecode.swift; path = ViewController.swift; sourceTree = "<group>"; };
		52AEC33D287AD20600156A9E /* Base */ = {isa = PBXFileReference; lastKnownFileType = file.storyboard; name = Base; path = Base.lproj/Main.storyboard; sourceTree = "<group>"; };
		52AEC33F287AD20800156A9E /* Assets.xcassets */ = {isa = PBXFileReference; lastKnownFileType = folder.assetcatalog; path = Assets.xcassets; sourceTree = "<group>"; };
		52AEC342287AD20800156A9E /* Base */ = {isa = PBXFileReference; lastKnownFileType = file.storyboard; name = Base; path = Base.lproj/LaunchScreen.storyboard; sourceTree = "<group>"; };
		52AEC344287AD20800156A9E /* Info.plist */ = {isa = PBXFileReference; lastKnownFileType = text.plist.xml; path = Info.plist; sourceTree = "<group>"; };
		52AEC34A287AE5F400156A9E /* Petition.swift */ = {isa = PBXFileReference; lastKnownFileType = sourcecode.swift; path = Petition.swift; sourceTree = "<group>"; };
		52AEC34C287AE69B00156A9E /* Petitions.swift */ = {isa = PBXFileReference; lastKnownFileType = sourcecode.swift; path = Petitions.swift; sourceTree = "<group>"; };
		52AEC34E287CB70100156A9E /* DetailViewController.swift */ = {isa = PBXFileReference; lastKnownFileType = sourcecode.swift; path = DetailViewController.swift; sourceTree = "<group>"; };
/* End PBXFileReference section */

/* Begin PBXFrameworksBuildPhase section */
		52AEC330287AD20600156A9E /* Frameworks */ = {
			isa = PBXFrameworksBuildPhase;
			buildActionMask = 2147483647;
			files = (
			);
			runOnlyForDeploymentPostprocessing = 0;
		};
/* End PBXFrameworksBuildPhase section */

/* Begin PBXGroup section */
		52AEC32A287AD20600156A9E = {
			isa = PBXGroup;
			children = (
				52AEC335287AD20600156A9E /* Project7-Whitehouse-Petitions */,
				52AEC334287AD20600156A9E /* Products */,
			);
			sourceTree = "<group>";
		};
		52AEC334287AD20600156A9E /* Products */ = {
			isa = PBXGroup;
			children = (
				52AEC333287AD20600156A9E /* Project7-Whitehouse-Petitions.app */,
			);
			name = Products;
			sourceTree = "<group>";
		};
		52AEC335287AD20600156A9E /* Project7-Whitehouse-Petitions */ = {
			isa = PBXGroup;
			children = (
				52AEC336287AD20600156A9E /* AppDelegate.swift */,
				52AEC338287AD20600156A9E /* SceneDelegate.swift */,
				52AEC33A287AD20600156A9E /* ViewController.swift */,
				52AEC34E287CB70100156A9E /* DetailViewController.swift */,
				52AEC34A287AE5F400156A9E /* Petition.swift */,
				52AEC34C287AE69B00156A9E /* Petitions.swift */,
				52AEC33C287AD20600156A9E /* Main.storyboard */,
				52AEC33F287AD20800156A9E /* Assets.xcassets */,
				52AEC341287AD20800156A9E /* LaunchScreen.storyboard */,
				52AEC344287AD20800156A9E /* Info.plist */,
			);
			path = "Project7-Whitehouse-Petitions";
			sourceTree = "<group>";
		};
/* End PBXGroup section */

/* Begin PBXNativeTarget section */
		52AEC332287AD20600156A9E /* Project7-Whitehouse-Petitions */ = {
			isa = PBXNativeTarget;
			buildConfigurationList = 52AEC347287AD20800156A9E /* Build configuration list for PBXNativeTarget "Project7-Whitehouse-Petitions" */;
			buildPhases = (
				52AEC32F287AD20600156A9E /* Sources */,
				52AEC330287AD20600156A9E /* Frameworks */,
				52AEC331287AD20600156A9E /* Resources */,
			);
			buildRules = (
			);
			dependencies = (
			);
			name = "Project7-Whitehouse-Petitions";
			productName = "Project7-Whitehouse-Petitions";
			productReference = 52AEC333287AD20600156A9E /* Project7-Whitehouse-Petitions.app */;
			productType = "com.apple.product-type.application";
		};
/* End PBXNativeTarget section */

/* Begin PBXProject section */
		52AEC32B287AD20600156A9E /* Project object */ = {
			isa = PBXProject;
			attributes = {
				BuildIndependentTargetsInParallel = 1;
				LastSwiftUpdateCheck = 1320;
				LastUpgradeCheck = 1320;
				TargetAttributes = {
					52AEC332287AD20600156A9E = {
						CreatedOnToolsVersion = 13.2.1;
					};
				};
			};
			buildConfigurationList = 52AEC32E287AD20600156A9E /* Build configuration list for PBXProject "Project7-Whitehouse-Petitions" */;
			compatibilityVersion = "Xcode 13.0";
			developmentRegion = en;
			hasScannedForEncodings = 0;
			knownRegions = (
				en,
				Base,
			);
			mainGroup = 52AEC32A287AD20600156A9E;
			productRefGroup = 52AEC334287AD20600156A9E /* Products */;
			projectDirPath = "";
			projectRoot = "";
			targets = (
				52AEC332287AD20600156A9E /* Project7-Whitehouse-Petitions */,
			);
		};
/* End PBXProject section */

/* Begin PBXResourcesBuildPhase section */
		52AEC331287AD20600156A9E /* Resources */ = {
			isa = PBXResourcesBuildPhase;
			buildActionMask = 2147483647;
			files = (
				52AEC343287AD20800156A9E /* LaunchScreen.storyboard in Resources */,
				52AEC340287AD20800156A9E /* Assets.xcassets in Resources */,
				52AEC33E287AD20600156A9E /* Main.storyboard in Resources */,
			);
			runOnlyForDeploymentPostprocessing = 0;
		};
/* End PBXResourcesBuildPhase section */

/* Begin PBXSourcesBuildPhase section */
		52AEC32F287AD20600156A9E /* Sources */ = {
			isa = PBXSourcesBuildPhase;
			buildActionMask = 2147483647;
			files = (
				52AEC33B287AD20600156A9E /* ViewController.swift in Sources */,
				52AEC34B287AE5F400156A9E /* Petition.swift in Sources */,
				52AEC337287AD20600156A9E /* AppDelegate.swift in Sources */,
				52AEC34F287CB70100156A9E /* DetailViewController.swift in Sources */,
				52AEC339287AD20600156A9E /* SceneDelegate.swift in Sources */,
				52AEC34D287AE69B00156A9E /* Petitions.swift in Sources */,
			);
			runOnlyForDeploymentPostprocessing = 0;
		};
/* End PBXSourcesBuildPhase section */

/* Begin PBXVariantGroup section */
		52AEC33C287AD20600156A9E /* Main.storyboard */ = {
			isa = PBXVariantGroup;
			children = (
				52AEC33D287AD20600156A9E /* Base */,
			);
			name = Main.storyboard;
			sourceTree = "<group>";
		};
		52AEC341287AD20800156A9E /* LaunchScreen.storyboard */ = {
			isa = PBXVariantGroup;
			children = (
				52AEC342287AD20800156A9E /* Base */,
			);
			name = LaunchScreen.storyboard;
			sourceTree = "<group>";
		};
/* End PBXVariantGroup section */

/* Begin XCBuildConfiguration section */
		52AEC345287AD20800156A9E /* Debug */ = {
			isa = XCBuildConfiguration;
			buildSettings = {
				ALWAYS_SEARCH_USER_PATHS = NO;
				CLANG_ANALYZER_NONNULL = YES;
				CLANG_ANALYZER_NUMBER_OBJECT_CONVERSION = YES_AGGRESSIVE;
				CLANG_CXX_LANGUAGE_STANDARD = "gnu++17";
				CLANG_CXX_LIBRARY = "libc++";
				CLANG_ENABLE_MODULES = YES;
				CLANG_ENABLE_OBJC_ARC = YES;
				CLANG_ENABLE_OBJC_WEAK = YES;
				CLANG_WARN_BLOCK_CAPTURE_AUTORELEASING = YES;
				CLANG_WARN_BOOL_CONVERSION = YES;
				CLANG_WARN_COMMA = YES;
				CLANG_WARN_CONSTANT_CONVERSION = YES;
				CLANG_WARN_DEPRECATED_OBJC_IMPLEMENTATIONS = YES;
				CLANG_WARN_DIRECT_OBJC_ISA_USAGE = YES_ERROR;
				CLANG_WARN_DOCUMENTATION_COMMENTS = YES;
				CLANG_WARN_EMPTY_BODY = YES;
				CLANG_WARN_ENUM_CONVERSION = YES;
				CLANG_WARN_INFINITE_RECURSION = YES;
				CLANG_WARN_INT_CONVERSION = YES;
				CLANG_WARN_NON_LITERAL_NULL_CONVERSION = YES;
				CLANG_WARN_OBJC_IMPLICIT_RETAIN_SELF = YES;
				CLANG_WARN_OBJC_LITERAL_CONVERSION = YES;
				CLANG_WARN_OBJC_ROOT_CLASS = YES_ERROR;
				CLANG_WARN_QUOTED_INCLUDE_IN_FRAMEWORK_HEADER = YES;
				CLANG_WARN_RANGE_LOOP_ANALYSIS = YES;
				CLANG_WARN_STRICT_PROTOTYPES = YES;
				CLANG_WARN_SUSPICIOUS_MOVE = YES;
				CLANG_WARN_UNGUARDED_AVAILABILITY = YES_AGGRESSIVE;
				CLANG_WARN_UNREACHABLE_CODE = YES;
				CLANG_WARN__DUPLICATE_METHOD_MATCH = YES;
				COPY_PHASE_STRIP = NO;
				DEBUG_INFORMATION_FORMAT = dwarf;
				ENABLE_STRICT_OBJC_MSGSEND = YES;
				ENABLE_TESTABILITY = YES;
				GCC_C_LANGUAGE_STANDARD = gnu11;
				GCC_DYNAMIC_NO_PIC = NO;
				GCC_NO_COMMON_BLOCKS = YES;
				GCC_OPTIMIZATION_LEVEL = 0;
				GCC_PREPROCESSOR_DEFINITIONS = (
					"DEBUG=1",
					"$(inherited)",
				);
				GCC_WARN_64_TO_32_BIT_CONVERSION = YES;
				GCC_WARN_ABOUT_RETURN_TYPE = YES_ERROR;
				GCC_WARN_UNDECLARED_SELECTOR = YES;
				GCC_WARN_UNINITIALIZED_AUTOS = YES_AGGRESSIVE;
				GCC_WARN_UNUSED_FUNCTION = YES;
				GCC_WARN_UNUSED_VARIABLE = YES;
				IPHONEOS_DEPLOYMENT_TARGET = 15.2;
				MTL_ENABLE_DEBUG_INFO = INCLUDE_SOURCE;
				MTL_FAST_MATH = YES;
				ONLY_ACTIVE_ARCH = YES;
				SDKROOT = iphoneos;
				SWIFT_ACTIVE_COMPILATION_CONDITIONS = DEBUG;
				SWIFT_OPTIMIZATION_LEVEL = "-Onone";
			};
			name = Debug;
		};
		52AEC346287AD20800156A9E /* Release */ = {
			isa = XCBuildConfiguration;
			buildSettings = {
				ALWAYS_SEARCH_USER_PATHS = NO;
				CLANG_ANALYZER_NONNULL = YES;
				CLANG_ANALYZER_NUMBER_OBJECT_CONVERSION = YES_AGGRESSIVE;
				CLANG_CXX_LANGUAGE_STANDARD = "gnu++17";
				CLANG_CXX_LIBRARY = "libc++";
				CLANG_ENABLE_MODULES = YES;
				CLANG_ENABLE_OBJC_ARC = YES;
				CLANG_ENABLE_OBJC_WEAK = YES;
				CLANG_WARN_BLOCK_CAPTURE_AUTORELEASING = YES;
				CLANG_WARN_BOOL_CONVERSION = YES;
				CLANG_WARN_COMMA = YES;
				CLANG_WARN_CONSTANT_CONVERSION = YES;
				CLANG_WARN_DEPRECATED_OBJC_IMPLEMENTATIONS = YES;
				CLANG_WARN_DIRECT_OBJC_ISA_USAGE = YES_ERROR;
				CLANG_WARN_DOCUMENTATION_COMMENTS = YES;
				CLANG_WARN_EMPTY_BODY = YES;
				CLANG_WARN_ENUM_CONVERSION = YES;
				CLANG_WARN_INFINITE_RECURSION = YES;
				CLANG_WARN_INT_CONVERSION = YES;
				CLANG_WARN_NON_LITERAL_NULL_CONVERSION = YES;
				CLANG_WARN_OBJC_IMPLICIT_RETAIN_SELF = YES;
				CLANG_WARN_OBJC_LITERAL_CONVERSION = YES;
				CLANG_WARN_OBJC_ROOT_CLASS = YES_ERROR;
				CLANG_WARN_QUOTED_INCLUDE_IN_FRAMEWORK_HEADER = YES;
				CLANG_WARN_RANGE_LOOP_ANALYSIS = YES;
				CLANG_WARN_STRICT_PROTOTYPES = YES;
				CLANG_WARN_SUSPICIOUS_MOVE = YES;
				CLANG_WARN_UNGUARDED_AVAILABILITY = YES_AGGRESSIVE;
				CLANG_WARN_UNREACHABLE_CODE = YES;
				CLANG_WARN__DUPLICATE_METHOD_MATCH = YES;
				COPY_PHASE_STRIP = NO;
				DEBUG_INFORMATION_FORMAT = "dwarf-with-dsym";
				ENABLE_NS_ASSERTIONS = NO;
				ENABLE_STRICT_OBJC_MSGSEND = YES;
				GCC_C_LANGUAGE_STANDARD = gnu11;
				GCC_NO_COMMON_BLOCKS = YES;
				GCC_WARN_64_TO_32_BIT_CONVERSION = YES;
				GCC_WARN_ABOUT_RETURN_TYPE = YES_ERROR;
				GCC_WARN_UNDECLARED_SELECTOR = YES;
				GCC_WARN_UNINITIALIZED_AUTOS = YES_AGGRESSIVE;
				GCC_WARN_UNUSED_FUNCTION = YES;
				GCC_WARN_UNUSED_VARIABLE = YES;
				IPHONEOS_DEPLOYMENT_TARGET = 15.2;
				MTL_ENABLE_DEBUG_INFO = NO;
				MTL_FAST_MATH = YES;
				SDKROOT = iphoneos;
				SWIFT_COMPILATION_MODE = wholemodule;
				SWIFT_OPTIMIZATION_LEVEL = "-O";
				VALIDATE_PRODUCT = YES;
			};
			name = Release;
		};
		52AEC348287AD20800156A9E /* Debug */ = {
			isa = XCBuildConfiguration;
			buildSettings = {
				ASSETCATALOG_COMPILER_APPICON_NAME = AppIcon;
				ASSETCATALOG_COMPILER_GLOBAL_ACCENT_COLOR_NAME = AccentColor;
				CODE_SIGN_STYLE = Automatic;
				CURRENT_PROJECT_VERSION = 1;
				GENERATE_INFOPLIST_FILE = YES;
				INFOPLIST_FILE = "Project7-Whitehouse-Petitions/Info.plist";
				INFOPLIST_KEY_UIApplicationSupportsIndirectInputEvents = YES;
				INFOPLIST_KEY_UILaunchStoryboardName = LaunchScreen;
				INFOPLIST_KEY_UIMainStoryboardFile = Main;
				INFOPLIST_KEY_UISupportedInterfaceOrientations_iPad = "UIInterfaceOrientationPortrait UIInterfaceOrientationPortraitUpsideDown UIInterfaceOrientationLandscapeLeft UIInterfaceOrientationLandscapeRight";
				INFOPLIST_KEY_UISupportedInterfaceOrientations_iPhone = "UIInterfaceOrientationPortrait UIInterfaceOrientationLandscapeLeft UIInterfaceOrientationLandscapeRight";
				LD_RUNPATH_SEARCH_PATHS = (
					"$(inherited)",
					"@executable_path/Frameworks",
				);
				MARKETING_VERSION = 1.0;
				PRODUCT_BUNDLE_IDENTIFIER = "com.example.Project7-Whitehouse-Petitions";
				PRODUCT_NAME = "$(TARGET_NAME)";
				SWIFT_EMIT_LOC_STRINGS = YES;
				SWIFT_VERSION = 5.0;
				TARGETED_DEVICE_FAMILY = "1,2";
			};
			name = Debug;
		};
		52AEC349287AD20800156A9E /* Release */ = {
			isa = XCBuildConfiguration;
			buildSettings = {
				ASSETCATALOG_COMPILER_APPICON_NAME = AppIcon;
				ASSETCATALOG_COMPILER_GLOBAL_ACCENT_COLOR_NAME = AccentColor;
				CODE_SIGN_STYLE = Automatic;
				CURRENT_PROJECT_VERSION = 1;
				GENERATE_INFOPLIST_FILE = YES;
				INFOPLIST_FILE = "Project7-Whitehouse-Petitions/Info.plist";
				INFOPLIST_KEY_UIApplicationSupportsIndirectInputEvents = YES;
				INFOPLIST_KEY_UILaunchStoryboardName = LaunchScreen;
				INFOPLIST_KEY_UIMainStoryboardFile = Main;
				INFOPLIST_KEY_UISupportedInterfaceOrientations_iPad = "UIInterfaceOrientationPortrait UIInterfaceOrientationPortraitUpsideDown UIInterfaceOrientationLandscapeLeft UIInterfaceOrientationLandscapeRight";
				INFOPLIST_KEY_UISupportedInterfaceOrientations_iPhone = "UIInterfaceOrientationPortrait UIInterfaceOrientationLandscapeLeft UIInterfaceOrientationLandscapeRight";
				LD_RUNPATH_SEARCH_PATHS = (
					"$(inherited)",
					"@executable_path/Frameworks",
				);
				MARKETING_VERSION = 1.0;
				PRODUCT_BUNDLE_IDENTIFIER = "com.example.Project7-Whitehouse-Petitions";
				PRODUCT_NAME = "$(TARGET_NAME)";
				SWIFT_EMIT_LOC_STRINGS = YES;
				SWIFT_VERSION = 5.0;
				TARGETED_DEVICE_FAMILY = "1,2";
			};
			name = Release;
		};
/* End XCBuildConfiguration section */

/* Begin XCConfigurationList section */
		52AEC32E287AD20600156A9E /* Build configuration list for PBXProject "Project7-Whitehouse-Petitions" */ = {
			isa = XCConfigurationList;
			buildConfigurations = (
				52AEC345287AD20800156A9E /* Debug */,
				52AEC346287AD20800156A9E /* Release */,
			);
			defaultConfigurationIsVisible = 0;
			defaultConfigurationName = Release;
		};
		52AEC347287AD20800156A9E /* Build configuration list for PBXNativeTarget "Project7-Whitehouse-Petitions" */ = {
			isa = XCConfigurationList;
			buildConfigurations = (
				52AEC348287AD20800156A9E /* Debug */,
				52AEC349287AD20800156A9E /* Release */,
			);
			defaultConfigurationIsVisible = 0;
			defaultConfigurationName = Release;
		};
/* End XCConfigurationList section */
	};
	rootObject = 52AEC32B287AD20600156A9E /* Project object */;
}
