// !$*UTF8*$!
{
	archiveVersion = 1;
	classes = {
	};
	objectVersion = 56;
	objects = {

/* Begin PBXBuildFile section */
		BC1BCF53290BDF1E00EB8392 /* AppDelegate.swift in Sources */ = {isa = PBXBuildFile; fileRef = BC1BCF52290BDF1E00EB8392 /* AppDelegate.swift */; };
		BC1BCF55290BDF1E00EB8392 /* SceneDelegate.swift in Sources */ = {isa = PBXBuildFile; fileRef = BC1BCF54290BDF1E00EB8392 /* SceneDelegate.swift */; };
		BC1BCF57290BDF1E00EB8392 /* ViewController.swift in Sources */ = {isa = PBXBuildFile; fileRef = BC1BCF56290BDF1E00EB8392 /* ViewController.swift */; };
		BC1BCF5A290BDF1E00EB8392 /* Main.storyboard in Resources */ = {isa = PBXBuildFile; fileRef = BC1BCF58290BDF1E00EB8392 /* Main.storyboard */; };
		BC1BCF5C290BDF2000EB8392 /* Assets.xcassets in Resources */ = {isa = PBXBuildFile; fileRef = BC1BCF5B290BDF2000EB8392 /* Assets.xcassets */; };
		BC1BCF5F290BDF2000EB8392 /* LaunchScreen.storyboard in Resources */ = {isa = PBXBuildFile; fileRef = BC1BCF5D290BDF2000EB8392 /* LaunchScreen.storyboard */; };
		BC1BCF68290BE93A00EB8392 /* KeychainItemAccessibility.swift in Sources */ = {isa = PBXBuildFile; fileRef = BC1BCF66290BE93A00EB8392 /* KeychainItemAccessibility.swift */; };
		BC1BCF69290BE93A00EB8392 /* KeychainWrapper.swift in Sources */ = {isa = PBXBuildFile; fileRef = BC1BCF67290BE93A00EB8392 /* KeychainWrapper.swift */; };
/* End PBXBuildFile section */

/* Begin PBXFileReference section */
		BC1BCF4F290BDF1E00EB8392 /* Project28-Secret-Swift.app */ = {isa = PBXFileReference; explicitFileType = wrapper.application; includeInIndex = 0; path = "Project28-Secret-Swift.app"; sourceTree = BUILT_PRODUCTS_DIR; };
		BC1BCF52290BDF1E00EB8392 /* AppDelegate.swift */ = {isa = PBXFileReference; lastKnownFileType = sourcecode.swift; path = AppDelegate.swift; sourceTree = "<group>"; };
		BC1BCF54290BDF1E00EB8392 /* SceneDelegate.swift */ = {isa = PBXFileReference; lastKnownFileType = sourcecode.swift; path = SceneDelegate.swift; sourceTree = "<group>"; };
		BC1BCF56290BDF1E00EB8392 /* ViewController.swift */ = {isa = PBXFileReference; lastKnownFileType = sourcecode.swift; path = ViewController.swift; sourceTree = "<group>"; };
		BC1BCF59290BDF1E00EB8392 /* Base */ = {isa = PBXFileReference; lastKnownFileType = file.storyboard; name = Base; path = Base.lproj/Main.storyboard; sourceTree = "<group>"; };
		BC1BCF5B290BDF2000EB8392 /* Assets.xcassets */ = {isa = PBXFileReference; lastKnownFileType = folder.assetcatalog; path = Assets.xcassets; sourceTree = "<group>"; };
		BC1BCF5E290BDF2000EB8392 /* Base */ = {isa = PBXFileReference; lastKnownFileType = file.storyboard; name = Base; path = Base.lproj/LaunchScreen.storyboard; sourceTree = "<group>"; };
		BC1BCF60290BDF2000EB8392 /* Info.plist */ = {isa = PBXFileReference; lastKnownFileType = text.plist.xml; path = Info.plist; sourceTree = "<group>"; };
		BC1BCF66290BE93A00EB8392 /* KeychainItemAccessibility.swift */ = {isa = PBXFileReference; fileEncoding = 4; lastKnownFileType = sourcecode.swift; path = KeychainItemAccessibility.swift; sourceTree = "<group>"; };
		BC1BCF67290BE93A00EB8392 /* KeychainWrapper.swift */ = {isa = PBXFileReference; fileEncoding = 4; lastKnownFileType = sourcecode.swift; path = KeychainWrapper.swift; sourceTree = "<group>"; };
/* End PBXFileReference section */

/* Begin PBXFrameworksBuildPhase section */
		BC1BCF4C290BDF1D00EB8392 /* Frameworks */ = {
			isa = PBXFrameworksBuildPhase;
			buildActionMask = 2147483647;
			files = (
			);
			runOnlyForDeploymentPostprocessing = 0;
		};
/* End PBXFrameworksBuildPhase section */

/* Begin PBXGroup section */
		BC1BCF46290BDF1D00EB8392 = {
			isa = PBXGroup;
			children = (
				BC1BCF51290BDF1E00EB8392 /* Project28-Secret-Swift */,
				BC1BCF50290BDF1E00EB8392 /* Products */,
			);
			sourceTree = "<group>";
		};
		BC1BCF50290BDF1E00EB8392 /* Products */ = {
			isa = PBXGroup;
			children = (
				BC1BCF4F290BDF1E00EB8392 /* Project28-Secret-Swift.app */,
			);
			name = Products;
			sourceTree = "<group>";
		};
		BC1BCF51290BDF1E00EB8392 /* Project28-Secret-Swift */ = {
			isa = PBXGroup;
			children = (
				BC1BCF52290BDF1E00EB8392 /* AppDelegate.swift */,
				BC1BCF54290BDF1E00EB8392 /* SceneDelegate.swift */,
				BC1BCF56290BDF1E00EB8392 /* ViewController.swift */,
				BC1BCF58290BDF1E00EB8392 /* Main.storyboard */,
				BC1BCF5B290BDF2000EB8392 /* Assets.xcassets */,
				BC1BCF5D290BDF2000EB8392 /* LaunchScreen.storyboard */,
				BC1BCF60290BDF2000EB8392 /* Info.plist */,
				BC1BCF66290BE93A00EB8392 /* KeychainItemAccessibility.swift */,
				BC1BCF67290BE93A00EB8392 /* KeychainWrapper.swift */,
			);
			path = "Project28-Secret-Swift";
			sourceTree = "<group>";
		};
/* End PBXGroup section */

/* Begin PBXNativeTarget section */
		BC1BCF4E290BDF1D00EB8392 /* Project28-Secret-Swift */ = {
			isa = PBXNativeTarget;
			buildConfigurationList = BC1BCF63290BDF2000EB8392 /* Build configuration list for PBXNativeTarget "Project28-Secret-Swift" */;
			buildPhases = (
				BC1BCF4B290BDF1D00EB8392 /* Sources */,
				BC1BCF4C290BDF1D00EB8392 /* Frameworks */,
				BC1BCF4D290BDF1D00EB8392 /* Resources */,
			);
			buildRules = (
			);
			dependencies = (
			);
			name = "Project28-Secret-Swift";
			productName = "Project28-Secret-Swift";
			productReference = BC1BCF4F290BDF1E00EB8392 /* Project28-Secret-Swift.app */;
			productType = "com.apple.product-type.application";
		};
/* End PBXNativeTarget section */

/* Begin PBXProject section */
		BC1BCF47290BDF1D00EB8392 /* Project object */ = {
			isa = PBXProject;
			attributes = {
				BuildIndependentTargetsInParallel = 1;
				LastSwiftUpdateCheck = 1400;
				LastUpgradeCheck = 1400;
				TargetAttributes = {
					BC1BCF4E290BDF1D00EB8392 = {
						CreatedOnToolsVersion = 14.0.1;
					};
				};
			};
			buildConfigurationList = BC1BCF4A290BDF1D00EB8392 /* Build configuration list for PBXProject "Project28-Secret-Swift" */;
			compatibilityVersion = "Xcode 14.0";
			developmentRegion = en;
			hasScannedForEncodings = 0;
			knownRegions = (
				en,
				Base,
			);
			mainGroup = BC1BCF46290BDF1D00EB8392;
			productRefGroup = BC1BCF50290BDF1E00EB8392 /* Products */;
			projectDirPath = "";
			projectRoot = "";
			targets = (
				BC1BCF4E290BDF1D00EB8392 /* Project28-Secret-Swift */,
			);
		};
/* End PBXProject section */

/* Begin PBXResourcesBuildPhase section */
		BC1BCF4D290BDF1D00EB8392 /* Resources */ = {
			isa = PBXResourcesBuildPhase;
			buildActionMask = 2147483647;
			files = (
				BC1BCF5F290BDF2000EB8392 /* LaunchScreen.storyboard in Resources */,
				BC1BCF5C290BDF2000EB8392 /* Assets.xcassets in Resources */,
				BC1BCF5A290BDF1E00EB8392 /* Main.storyboard in Resources */,
			);
			runOnlyForDeploymentPostprocessing = 0;
		};
/* End PBXResourcesBuildPhase section */

/* Begin PBXSourcesBuildPhase section */
		BC1BCF4B290BDF1D00EB8392 /* Sources */ = {
			isa = PBXSourcesBuildPhase;
			buildActionMask = 2147483647;
			files = (
				BC1BCF57290BDF1E00EB8392 /* ViewController.swift in Sources */,
				BC1BCF68290BE93A00EB8392 /* KeychainItemAccessibility.swift in Sources */,
				BC1BCF53290BDF1E00EB8392 /* AppDelegate.swift in Sources */,
				BC1BCF55290BDF1E00EB8392 /* SceneDelegate.swift in Sources */,
				BC1BCF69290BE93A00EB8392 /* KeychainWrapper.swift in Sources */,
			);
			runOnlyForDeploymentPostprocessing = 0;
		};
/* End PBXSourcesBuildPhase section */

/* Begin PBXVariantGroup section */
		BC1BCF58290BDF1E00EB8392 /* Main.storyboard */ = {
			isa = PBXVariantGroup;
			children = (
				BC1BCF59290BDF1E00EB8392 /* Base */,
			);
			name = Main.storyboard;
			sourceTree = "<group>";
		};
		BC1BCF5D290BDF2000EB8392 /* LaunchScreen.storyboard */ = {
			isa = PBXVariantGroup;
			children = (
				BC1BCF5E290BDF2000EB8392 /* Base */,
			);
			name = LaunchScreen.storyboard;
			sourceTree = "<group>";
		};
/* End PBXVariantGroup section */

/* Begin XCBuildConfiguration section */
		BC1BCF61290BDF2000EB8392 /* Debug */ = {
			isa = XCBuildConfiguration;
			buildSettings = {
				ALWAYS_SEARCH_USER_PATHS = NO;
				CLANG_ANALYZER_NONNULL = YES;
				CLANG_ANALYZER_NUMBER_OBJECT_CONVERSION = YES_AGGRESSIVE;
				CLANG_CXX_LANGUAGE_STANDARD = "gnu++20";
				CLANG_ENABLE_MODULES = YES;
				CLANG_ENABLE_OBJC_ARC = YES;
				CLANG_ENABLE_OBJC_WEAK = YES;
				CLANG_WARN_BLOCK_CAPTURE_AUTORELEASING = YES;
				CLANG_WARN_BOOL_CONVERSION = YES;
				CLANG_WARN_COMMA = YES;
				CLANG_WARN_CONSTANT_CONVERSION = YES;
				CLANG_WARN_DEPRECATED_OBJC_IMPLEMENTATIONS = YES;
				CLANG_WARN_DIRECT_OBJC_ISA_USAGE = YES_ERROR;
				CLANG_WARN_DOCUMENTATION_COMMENTS = YES;
				CLANG_WARN_EMPTY_BODY = YES;
				CLANG_WARN_ENUM_CONVERSION = YES;
				CLANG_WARN_INFINITE_RECURSION = YES;
				CLANG_WARN_INT_CONVERSION = YES;
				CLANG_WARN_NON_LITERAL_NULL_CONVERSION = YES;
				CLANG_WARN_OBJC_IMPLICIT_RETAIN_SELF = YES;
				CLANG_WARN_OBJC_LITERAL_CONVERSION = YES;
				CLANG_WARN_OBJC_ROOT_CLASS = YES_ERROR;
				CLANG_WARN_QUOTED_INCLUDE_IN_FRAMEWORK_HEADER = YES;
				CLANG_WARN_RANGE_LOOP_ANALYSIS = YES;
				CLANG_WARN_STRICT_PROTOTYPES = YES;
				CLANG_WARN_SUSPICIOUS_MOVE = YES;
				CLANG_WARN_UNGUARDED_AVAILABILITY = YES_AGGRESSIVE;
				CLANG_WARN_UNREACHABLE_CODE = YES;
				CLANG_WARN__DUPLICATE_METHOD_MATCH = YES;
				COPY_PHASE_STRIP = NO;
				DEBUG_INFORMATION_FORMAT = dwarf;
				ENABLE_STRICT_OBJC_MSGSEND = YES;
				ENABLE_TESTABILITY = YES;
				GCC_C_LANGUAGE_STANDARD = gnu11;
				GCC_DYNAMIC_NO_PIC = NO;
				GCC_NO_COMMON_BLOCKS = YES;
				GCC_OPTIMIZATION_LEVEL = 0;
				GCC_PREPROCESSOR_DEFINITIONS = (
					"DEBUG=1",
					"$(inherited)",
				);
				GCC_WARN_64_TO_32_BIT_CONVERSION = YES;
				GCC_WARN_ABOUT_RETURN_TYPE = YES_ERROR;
				GCC_WARN_UNDECLARED_SELECTOR = YES;
				GCC_WARN_UNINITIALIZED_AUTOS = YES_AGGRESSIVE;
				GCC_WARN_UNUSED_FUNCTION = YES;
				GCC_WARN_UNUSED_VARIABLE = YES;
				IPHONEOS_DEPLOYMENT_TARGET = 16.0;
				MTL_ENABLE_DEBUG_INFO = INCLUDE_SOURCE;
				MTL_FAST_MATH = YES;
				ONLY_ACTIVE_ARCH = YES;
				SDKROOT = iphoneos;
				SWIFT_ACTIVE_COMPILATION_CONDITIONS = DEBUG;
				SWIFT_OPTIMIZATION_LEVEL = "-Onone";
			};
			name = Debug;
		};
		BC1BCF62290BDF2000EB8392 /* Release */ = {
			isa = XCBuildConfiguration;
			buildSettings = {
				ALWAYS_SEARCH_USER_PATHS = NO;
				CLANG_ANALYZER_NONNULL = YES;
				CLANG_ANALYZER_NUMBER_OBJECT_CONVERSION = YES_AGGRESSIVE;
				CLANG_CXX_LANGUAGE_STANDARD = "gnu++20";
				CLANG_ENABLE_MODULES = YES;
				CLANG_ENABLE_OBJC_ARC = YES;
				CLANG_ENABLE_OBJC_WEAK = YES;
				CLANG_WARN_BLOCK_CAPTURE_AUTORELEASING = YES;
				CLANG_WARN_BOOL_CONVERSION = YES;
				CLANG_WARN_COMMA = YES;
				CLANG_WARN_CONSTANT_CONVERSION = YES;
				CLANG_WARN_DEPRECATED_OBJC_IMPLEMENTATIONS = YES;
				CLANG_WARN_DIRECT_OBJC_ISA_USAGE = YES_ERROR;
				CLANG_WARN_DOCUMENTATION_COMMENTS = YES;
				CLANG_WARN_EMPTY_BODY = YES;
				CLANG_WARN_ENUM_CONVERSION = YES;
				CLANG_WARN_INFINITE_RECURSION = YES;
				CLANG_WARN_INT_CONVERSION = YES;
				CLANG_WARN_NON_LITERAL_NULL_CONVERSION = YES;
				CLANG_WARN_OBJC_IMPLICIT_RETAIN_SELF = YES;
				CLANG_WARN_OBJC_LITERAL_CONVERSION = YES;
				CLANG_WARN_OBJC_ROOT_CLASS = YES_ERROR;
				CLANG_WARN_QUOTED_INCLUDE_IN_FRAMEWORK_HEADER = YES;
				CLANG_WARN_RANGE_LOOP_ANALYSIS = YES;
				CLANG_WARN_STRICT_PROTOTYPES = YES;
				CLANG_WARN_SUSPICIOUS_MOVE = YES;
				CLANG_WARN_UNGUARDED_AVAILABILITY = YES_AGGRESSIVE;
				CLANG_WARN_UNREACHABLE_CODE = YES;
				CLANG_WARN__DUPLICATE_METHOD_MATCH = YES;
				COPY_PHASE_STRIP = NO;
				DEBUG_INFORMATION_FORMAT = "dwarf-with-dsym";
				ENABLE_NS_ASSERTIONS = NO;
				ENABLE_STRICT_OBJC_MSGSEND = YES;
				GCC_C_LANGUAGE_STANDARD = gnu11;
				GCC_NO_COMMON_BLOCKS = YES;
				GCC_WARN_64_TO_32_BIT_CONVERSION = YES;
				GCC_WARN_ABOUT_RETURN_TYPE = YES_ERROR;
				GCC_WARN_UNDECLARED_SELECTOR = YES;
				GCC_WARN_UNINITIALIZED_AUTOS = YES_AGGRESSIVE;
				GCC_WARN_UNUSED_FUNCTION = YES;
				GCC_WARN_UNUSED_VARIABLE = YES;
				IPHONEOS_DEPLOYMENT_TARGET = 16.0;
				MTL_ENABLE_DEBUG_INFO = NO;
				MTL_FAST_MATH = YES;
				SDKROOT = iphoneos;
				SWIFT_COMPILATION_MODE = wholemodule;
				SWIFT_OPTIMIZATION_LEVEL = "-O";
				VALIDATE_PRODUCT = YES;
			};
			name = Release;
		};
		BC1BCF64290BDF2000EB8392 /* Debug */ = {
			isa = XCBuildConfiguration;
			buildSettings = {
				ASSETCATALOG_COMPILER_APPICON_NAME = AppIcon;
				ASSETCATALOG_COMPILER_GLOBAL_ACCENT_COLOR_NAME = AccentColor;
				CODE_SIGN_STYLE = Automatic;
				CURRENT_PROJECT_VERSION = 1;
				GENERATE_INFOPLIST_FILE = YES;
				INFOPLIST_FILE = "Project28-Secret-Swift/Info.plist";
				INFOPLIST_KEY_UIApplicationSupportsIndirectInputEvents = YES;
				INFOPLIST_KEY_UILaunchStoryboardName = LaunchScreen;
				INFOPLIST_KEY_UIMainStoryboardFile = Main;
				INFOPLIST_KEY_UISupportedInterfaceOrientations_iPad = "UIInterfaceOrientationPortrait UIInterfaceOrientationPortraitUpsideDown UIInterfaceOrientationLandscapeLeft UIInterfaceOrientationLandscapeRight";
				INFOPLIST_KEY_UISupportedInterfaceOrientations_iPhone = "UIInterfaceOrientationPortrait UIInterfaceOrientationLandscapeLeft UIInterfaceOrientationLandscapeRight";
				LD_RUNPATH_SEARCH_PATHS = (
					"$(inherited)",
					"@executable_path/Frameworks",
				);
				MARKETING_VERSION = 1.0;
				PRODUCT_BUNDLE_IDENTIFIER = "com.example.Project28-Secret-Swift";
				PRODUCT_NAME = "$(TARGET_NAME)";
				SWIFT_EMIT_LOC_STRINGS = YES;
				SWIFT_VERSION = 5.0;
				TARGETED_DEVICE_FAMILY = "1,2";
			};
			name = Debug;
		};
		BC1BCF65290BDF2000EB8392 /* Release */ = {
			isa = XCBuildConfiguration;
			buildSettings = {
				ASSETCATALOG_COMPILER_APPICON_NAME = AppIcon;
				ASSETCATALOG_COMPILER_GLOBAL_ACCENT_COLOR_NAME = AccentColor;
				CODE_SIGN_STYLE = Automatic;
				CURRENT_PROJECT_VERSION = 1;
				GENERATE_INFOPLIST_FILE = YES;
				INFOPLIST_FILE = "Project28-Secret-Swift/Info.plist";
				INFOPLIST_KEY_UIApplicationSupportsIndirectInputEvents = YES;
				INFOPLIST_KEY_UILaunchStoryboardName = LaunchScreen;
				INFOPLIST_KEY_UIMainStoryboardFile = Main;
				INFOPLIST_KEY_UISupportedInterfaceOrientations_iPad = "UIInterfaceOrientationPortrait UIInterfaceOrientationPortraitUpsideDown UIInterfaceOrientationLandscapeLeft UIInterfaceOrientationLandscapeRight";
				INFOPLIST_KEY_UISupportedInterfaceOrientations_iPhone = "UIInterfaceOrientationPortrait UIInterfaceOrientationLandscapeLeft UIInterfaceOrientationLandscapeRight";
				LD_RUNPATH_SEARCH_PATHS = (
					"$(inherited)",
					"@executable_path/Frameworks",
				);
				MARKETING_VERSION = 1.0;
				PRODUCT_BUNDLE_IDENTIFIER = "com.example.Project28-Secret-Swift";
				PRODUCT_NAME = "$(TARGET_NAME)";
				SWIFT_EMIT_LOC_STRINGS = YES;
				SWIFT_VERSION = 5.0;
				TARGETED_DEVICE_FAMILY = "1,2";
			};
			name = Release;
		};
/* End XCBuildConfiguration section */

/* Begin XCConfigurationList section */
		BC1BCF4A290BDF1D00EB8392 /* Build configuration list for PBXProject "Project28-Secret-Swift" */ = {
			isa = XCConfigurationList;
			buildConfigurations = (
				BC1BCF61290BDF2000EB8392 /* Debug */,
				BC1BCF62290BDF2000EB8392 /* Release */,
			);
			defaultConfigurationIsVisible = 0;
			defaultConfigurationName = Release;
		};
		BC1BCF63290BDF2000EB8392 /* Build configuration list for PBXNativeTarget "Project28-Secret-Swift" */ = {
			isa = XCConfigurationList;
			buildConfigurations = (
				BC1BCF64290BDF2000EB8392 /* Debug */,
				BC1BCF65290BDF2000EB8392 /* Release */,
			);
			defaultConfigurationIsVisible = 0;
			defaultConfigurationName = Release;
		};
/* End XCConfigurationList section */
	};
	rootObject = BC1BCF47290BDF1D00EB8392 /* Project object */;
}
