// !$*UTF8*$!
{
	archiveVersion = 1;
	classes = {
	};
	objectVersion = 55;
	objects = {

/* Begin PBXBuildFile section */
		5231FC22285664E3001971EE /* DetailViewController.swift in Sources */ = {isa = PBXBuildFile; fileRef = 5231FC21285664E3001971EE /* DetailViewController.swift */; };
		52B21BC4285502EA00D46D63 /* AppDelegate.swift in Sources */ = {isa = PBXBuildFile; fileRef = 52B21BC3285502EA00D46D63 /* AppDelegate.swift */; };
		52B21BC6285502EA00D46D63 /* SceneDelegate.swift in Sources */ = {isa = PBXBuildFile; fileRef = 52B21BC5285502EA00D46D63 /* SceneDelegate.swift */; };
		52B21BC8285502EA00D46D63 /* ViewController.swift in Sources */ = {isa = PBXBuildFile; fileRef = 52B21BC7285502EA00D46D63 /* ViewController.swift */; };
		52B21BCD285502EC00D46D63 /* Assets.xcassets in Resources */ = {isa = PBXBuildFile; fileRef = 52B21BCC285502EC00D46D63 /* Assets.xcassets */; };
		52B21BD0285502EC00D46D63 /* LaunchScreen.storyboard in Resources */ = {isa = PBXBuildFile; fileRef = 52B21BCE285502EC00D46D63 /* LaunchScreen.storyboard */; };
		52B21BE2285504D200D46D63 /* nssl0049.jpg in Resources */ = {isa = PBXBuildFile; fileRef = 52B21BD8285504D200D46D63 /* nssl0049.jpg */; };
		52B21BE3285504D200D46D63 /* nssl0046.jpg in Resources */ = {isa = PBXBuildFile; fileRef = 52B21BD9285504D200D46D63 /* nssl0046.jpg */; };
		52B21BE4285504D200D46D63 /* nssl0091.jpg in Resources */ = {isa = PBXBuildFile; fileRef = 52B21BDA285504D200D46D63 /* nssl0091.jpg */; };
		52B21BE5285504D200D46D63 /* nssl0045.jpg in Resources */ = {isa = PBXBuildFile; fileRef = 52B21BDB285504D200D46D63 /* nssl0045.jpg */; };
		52B21BE6285504D200D46D63 /* nssl0051.jpg in Resources */ = {isa = PBXBuildFile; fileRef = 52B21BDC285504D200D46D63 /* nssl0051.jpg */; };
		52B21BE7285504D200D46D63 /* nssl0041.jpg in Resources */ = {isa = PBXBuildFile; fileRef = 52B21BDD285504D200D46D63 /* nssl0041.jpg */; };
		52B21BE8285504D200D46D63 /* nssl0042.jpg in Resources */ = {isa = PBXBuildFile; fileRef = 52B21BDE285504D200D46D63 /* nssl0042.jpg */; };
		52B21BE9285504D200D46D63 /* nssl0043.jpg in Resources */ = {isa = PBXBuildFile; fileRef = 52B21BDF285504D200D46D63 /* nssl0043.jpg */; };
		52B21BEA285504D200D46D63 /* nssl0033.jpg in Resources */ = {isa = PBXBuildFile; fileRef = 52B21BE0285504D200D46D63 /* nssl0033.jpg */; };
		52B21BEB285504D200D46D63 /* nssl0034.jpg in Resources */ = {isa = PBXBuildFile; fileRef = 52B21BE1285504D200D46D63 /* nssl0034.jpg */; };
		52F35F5C289BCEF900940817 /* PictureCell.swift in Sources */ = {isa = PBXBuildFile; fileRef = 52F35F5B289BCEF900940817 /* PictureCell.swift */; };
		52F35F5E289BD17B00940817 /* Main.storyboard in Resources */ = {isa = PBXBuildFile; fileRef = 52F35F5D289BD17B00940817 /* Main.storyboard */; };
/* End PBXBuildFile section */

/* Begin PBXFileReference section */
		5231FC21285664E3001971EE /* DetailViewController.swift */ = {isa = PBXFileReference; lastKnownFileType = sourcecode.swift; path = DetailViewController.swift; sourceTree = "<group>"; };
		52B21BC0285502EA00D46D63 /* Project1-Storm-Viewer.app */ = {isa = PBXFileReference; explicitFileType = wrapper.application; includeInIndex = 0; path = "Project1-Storm-Viewer.app"; sourceTree = BUILT_PRODUCTS_DIR; };
		52B21BC3285502EA00D46D63 /* AppDelegate.swift */ = {isa = PBXFileReference; lastKnownFileType = sourcecode.swift; path = AppDelegate.swift; sourceTree = "<group>"; };
		52B21BC5285502EA00D46D63 /* SceneDelegate.swift */ = {isa = PBXFileReference; lastKnownFileType = sourcecode.swift; path = SceneDelegate.swift; sourceTree = "<group>"; };
		52B21BC7285502EA00D46D63 /* ViewController.swift */ = {isa = PBXFileReference; lastKnownFileType = sourcecode.swift; path = ViewController.swift; sourceTree = "<group>"; };
		52B21BCC285502EC00D46D63 /* Assets.xcassets */ = {isa = PBXFileReference; lastKnownFileType = folder.assetcatalog; path = Assets.xcassets; sourceTree = "<group>"; };
		52B21BCF285502EC00D46D63 /* Base */ = {isa = PBXFileReference; lastKnownFileType = file.storyboard; name = Base; path = Base.lproj/LaunchScreen.storyboard; sourceTree = "<group>"; };
		52B21BD1285502EC00D46D63 /* Info.plist */ = {isa = PBXFileReference; lastKnownFileType = text.plist.xml; path = Info.plist; sourceTree = "<group>"; };
		52B21BD8285504D200D46D63 /* nssl0049.jpg */ = {isa = PBXFileReference; lastKnownFileType = image.jpeg; path = nssl0049.jpg; sourceTree = "<group>"; };
		52B21BD9285504D200D46D63 /* nssl0046.jpg */ = {isa = PBXFileReference; lastKnownFileType = image.jpeg; path = nssl0046.jpg; sourceTree = "<group>"; };
		52B21BDA285504D200D46D63 /* nssl0091.jpg */ = {isa = PBXFileReference; lastKnownFileType = image.jpeg; path = nssl0091.jpg; sourceTree = "<group>"; };
		52B21BDB285504D200D46D63 /* nssl0045.jpg */ = {isa = PBXFileReference; lastKnownFileType = image.jpeg; path = nssl0045.jpg; sourceTree = "<group>"; };
		52B21BDC285504D200D46D63 /* nssl0051.jpg */ = {isa = PBXFileReference; lastKnownFileType = image.jpeg; path = nssl0051.jpg; sourceTree = "<group>"; };
		52B21BDD285504D200D46D63 /* nssl0041.jpg */ = {isa = PBXFileReference; lastKnownFileType = image.jpeg; path = nssl0041.jpg; sourceTree = "<group>"; };
		52B21BDE285504D200D46D63 /* nssl0042.jpg */ = {isa = PBXFileReference; lastKnownFileType = image.jpeg; path = nssl0042.jpg; sourceTree = "<group>"; };
		52B21BDF285504D200D46D63 /* nssl0043.jpg */ = {isa = PBXFileReference; lastKnownFileType = image.jpeg; path = nssl0043.jpg; sourceTree = "<group>"; };
		52B21BE0285504D200D46D63 /* nssl0033.jpg */ = {isa = PBXFileReference; lastKnownFileType = image.jpeg; path = nssl0033.jpg; sourceTree = "<group>"; };
		52B21BE1285504D200D46D63 /* nssl0034.jpg */ = {isa = PBXFileReference; lastKnownFileType = image.jpeg; path = nssl0034.jpg; sourceTree = "<group>"; };
		52F35F5B289BCEF900940817 /* PictureCell.swift */ = {isa = PBXFileReference; lastKnownFileType = sourcecode.swift; path = PictureCell.swift; sourceTree = "<group>"; };
		52F35F5D289BD17B00940817 /* Main.storyboard */ = {isa = PBXFileReference; lastKnownFileType = file.storyboard; path = Main.storyboard; sourceTree = "<group>"; };
/* End PBXFileReference section */

/* Begin PBXFrameworksBuildPhase section */
		52B21BBD285502EA00D46D63 /* Frameworks */ = {
			isa = PBXFrameworksBuildPhase;
			buildActionMask = 2147483647;
			files = (
			);
			runOnlyForDeploymentPostprocessing = 0;
		};
/* End PBXFrameworksBuildPhase section */

/* Begin PBXGroup section */
		52B21BB7285502EA00D46D63 = {
			isa = PBXGroup;
			children = (
				52B21BC2285502EA00D46D63 /* Project1-Storm-Viewer */,
				52B21BC1285502EA00D46D63 /* Products */,
			);
			sourceTree = "<group>";
		};
		52B21BC1285502EA00D46D63 /* Products */ = {
			isa = PBXGroup;
			children = (
				52B21BC0285502EA00D46D63 /* Project1-Storm-Viewer.app */,
			);
			name = Products;
			sourceTree = "<group>";
		};
		52B21BC2285502EA00D46D63 /* Project1-Storm-Viewer */ = {
			isa = PBXGroup;
			children = (
				52B21BC3285502EA00D46D63 /* AppDelegate.swift */,
				52B21BC5285502EA00D46D63 /* SceneDelegate.swift */,
				52B21BC7285502EA00D46D63 /* ViewController.swift */,
				52F35F5B289BCEF900940817 /* PictureCell.swift */,
				52F35F5D289BD17B00940817 /* Main.storyboard */,
				5231FC21285664E3001971EE /* DetailViewController.swift */,
				52B21BD7285504D200D46D63 /* Content */,
				52B21BCC285502EC00D46D63 /* Assets.xcassets */,
				52B21BCE285502EC00D46D63 /* LaunchScreen.storyboard */,
				52B21BD1285502EC00D46D63 /* Info.plist */,
			);
			path = "Project1-Storm-Viewer";
			sourceTree = "<group>";
		};
		52B21BD7285504D200D46D63 /* Content */ = {
			isa = PBXGroup;
			children = (
				52B21BD8285504D200D46D63 /* nssl0049.jpg */,
				52B21BD9285504D200D46D63 /* nssl0046.jpg */,
				52B21BDA285504D200D46D63 /* nssl0091.jpg */,
				52B21BDB285504D200D46D63 /* nssl0045.jpg */,
				52B21BDC285504D200D46D63 /* nssl0051.jpg */,
				52B21BDD285504D200D46D63 /* nssl0041.jpg */,
				52B21BDE285504D200D46D63 /* nssl0042.jpg */,
				52B21BDF285504D200D46D63 /* nssl0043.jpg */,
				52B21BE0285504D200D46D63 /* nssl0033.jpg */,
				52B21BE1285504D200D46D63 /* nssl0034.jpg */,
			);
			path = Content;
			sourceTree = "<group>";
		};
/* End PBXGroup section */

/* Begin PBXNativeTarget section */
		52B21BBF285502EA00D46D63 /* Project1-Storm-Viewer */ = {
			isa = PBXNativeTarget;
			buildConfigurationList = 52B21BD4285502EC00D46D63 /* Build configuration list for PBXNativeTarget "Project1-Storm-Viewer" */;
			buildPhases = (
				52B21BBC285502EA00D46D63 /* Sources */,
				52B21BBD285502EA00D46D63 /* Frameworks */,
				52B21BBE285502EA00D46D63 /* Resources */,
			);
			buildRules = (
			);
			dependencies = (
			);
			name = "Project1-Storm-Viewer";
			productName = "Project1-Storm-Viewer";
			productReference = 52B21BC0285502EA00D46D63 /* Project1-Storm-Viewer.app */;
			productType = "com.apple.product-type.application";
		};
/* End PBXNativeTarget section */

/* Begin PBXProject section */
		52B21BB8285502EA00D46D63 /* Project object */ = {
			isa = PBXProject;
			attributes = {
				BuildIndependentTargetsInParallel = 1;
				LastSwiftUpdateCheck = 1320;
				LastUpgradeCheck = 1320;
				TargetAttributes = {
					52B21BBF285502EA00D46D63 = {
						CreatedOnToolsVersion = 13.2.1;
					};
				};
			};
			buildConfigurationList = 52B21BBB285502EA00D46D63 /* Build configuration list for PBXProject "Project1-Storm-Viewer" */;
			compatibilityVersion = "Xcode 13.0";
			developmentRegion = en;
			hasScannedForEncodings = 0;
			knownRegions = (
				en,
				Base,
			);
			mainGroup = 52B21BB7285502EA00D46D63;
			productRefGroup = 52B21BC1285502EA00D46D63 /* Products */;
			projectDirPath = "";
			projectRoot = "";
			targets = (
				52B21BBF285502EA00D46D63 /* Project1-Storm-Viewer */,
			);
		};
/* End PBXProject section */

/* Begin PBXResourcesBuildPhase section */
		52B21BBE285502EA00D46D63 /* Resources */ = {
			isa = PBXResourcesBuildPhase;
			buildActionMask = 2147483647;
			files = (
				52B21BE3285504D200D46D63 /* nssl0046.jpg in Resources */,
				52B21BEA285504D200D46D63 /* nssl0033.jpg in Resources */,
				52B21BE6285504D200D46D63 /* nssl0051.jpg in Resources */,
				52B21BE4285504D200D46D63 /* nssl0091.jpg in Resources */,
				52B21BE9285504D200D46D63 /* nssl0043.jpg in Resources */,
				52B21BEB285504D200D46D63 /* nssl0034.jpg in Resources */,
				52B21BE2285504D200D46D63 /* nssl0049.jpg in Resources */,
				52F35F5E289BD17B00940817 /* Main.storyboard in Resources */,
				52B21BE7285504D200D46D63 /* nssl0041.jpg in Resources */,
				52B21BE8285504D200D46D63 /* nssl0042.jpg in Resources */,
				52B21BD0285502EC00D46D63 /* LaunchScreen.storyboard in Resources */,
				52B21BCD285502EC00D46D63 /* Assets.xcassets in Resources */,
				52B21BE5285504D200D46D63 /* nssl0045.jpg in Resources */,
			);
			runOnlyForDeploymentPostprocessing = 0;
		};
/* End PBXResourcesBuildPhase section */

/* Begin PBXSourcesBuildPhase section */
		52B21BBC285502EA00D46D63 /* Sources */ = {
			isa = PBXSourcesBuildPhase;
			buildActionMask = 2147483647;
			files = (
				52B21BC8285502EA00D46D63 /* ViewController.swift in Sources */,
				52B21BC4285502EA00D46D63 /* AppDelegate.swift in Sources */,
				52F35F5C289BCEF900940817 /* PictureCell.swift in Sources */,
				52B21BC6285502EA00D46D63 /* SceneDelegate.swift in Sources */,
				5231FC22285664E3001971EE /* DetailViewController.swift in Sources */,
			);
			runOnlyForDeploymentPostprocessing = 0;
		};
/* End PBXSourcesBuildPhase section */

/* Begin PBXVariantGroup section */
		52B21BCE285502EC00D46D63 /* LaunchScreen.storyboard */ = {
			isa = PBXVariantGroup;
			children = (
				52B21BCF285502EC00D46D63 /* Base */,
			);
			name = LaunchScreen.storyboard;
			sourceTree = "<group>";
		};
/* End PBXVariantGroup section */

/* Begin XCBuildConfiguration section */
		52B21BD2285502EC00D46D63 /* Debug */ = {
			isa = XCBuildConfiguration;
			buildSettings = {
				ALWAYS_SEARCH_USER_PATHS = NO;
				CLANG_ANALYZER_NONNULL = YES;
				CLANG_ANALYZER_NUMBER_OBJECT_CONVERSION = YES_AGGRESSIVE;
				CLANG_CXX_LANGUAGE_STANDARD = "gnu++17";
				CLANG_CXX_LIBRARY = "libc++";
				CLANG_ENABLE_MODULES = YES;
				CLANG_ENABLE_OBJC_ARC = YES;
				CLANG_ENABLE_OBJC_WEAK = YES;
				CLANG_WARN_BLOCK_CAPTURE_AUTORELEASING = YES;
				CLANG_WARN_BOOL_CONVERSION = YES;
				CLANG_WARN_COMMA = YES;
				CLANG_WARN_CONSTANT_CONVERSION = YES;
				CLANG_WARN_DEPRECATED_OBJC_IMPLEMENTATIONS = YES;
				CLANG_WARN_DIRECT_OBJC_ISA_USAGE = YES_ERROR;
				CLANG_WARN_DOCUMENTATION_COMMENTS = YES;
				CLANG_WARN_EMPTY_BODY = YES;
				CLANG_WARN_ENUM_CONVERSION = YES;
				CLANG_WARN_INFINITE_RECURSION = YES;
				CLANG_WARN_INT_CONVERSION = YES;
				CLANG_WARN_NON_LITERAL_NULL_CONVERSION = YES;
				CLANG_WARN_OBJC_IMPLICIT_RETAIN_SELF = YES;
				CLANG_WARN_OBJC_LITERAL_CONVERSION = YES;
				CLANG_WARN_OBJC_ROOT_CLASS = YES_ERROR;
				CLANG_WARN_QUOTED_INCLUDE_IN_FRAMEWORK_HEADER = YES;
				CLANG_WARN_RANGE_LOOP_ANALYSIS = YES;
				CLANG_WARN_STRICT_PROTOTYPES = YES;
				CLANG_WARN_SUSPICIOUS_MOVE = YES;
				CLANG_WARN_UNGUARDED_AVAILABILITY = YES_AGGRESSIVE;
				CLANG_WARN_UNREACHABLE_CODE = YES;
				CLANG_WARN__DUPLICATE_METHOD_MATCH = YES;
				COPY_PHASE_STRIP = NO;
				DEBUG_INFORMATION_FORMAT = dwarf;
				ENABLE_STRICT_OBJC_MSGSEND = YES;
				ENABLE_TESTABILITY = YES;
				GCC_C_LANGUAGE_STANDARD = gnu11;
				GCC_DYNAMIC_NO_PIC = NO;
				GCC_NO_COMMON_BLOCKS = YES;
				GCC_OPTIMIZATION_LEVEL = 0;
				GCC_PREPROCESSOR_DEFINITIONS = (
					"DEBUG=1",
					"$(inherited)",
				);
				GCC_WARN_64_TO_32_BIT_CONVERSION = YES;
				GCC_WARN_ABOUT_RETURN_TYPE = YES_ERROR;
				GCC_WARN_UNDECLARED_SELECTOR = YES;
				GCC_WARN_UNINITIALIZED_AUTOS = YES_AGGRESSIVE;
				GCC_WARN_UNUSED_FUNCTION = YES;
				GCC_WARN_UNUSED_VARIABLE = YES;
				IPHONEOS_DEPLOYMENT_TARGET = 15.2;
				MTL_ENABLE_DEBUG_INFO = INCLUDE_SOURCE;
				MTL_FAST_MATH = YES;
				ONLY_ACTIVE_ARCH = YES;
				SDKROOT = iphoneos;
				SWIFT_ACTIVE_COMPILATION_CONDITIONS = DEBUG;
				SWIFT_OPTIMIZATION_LEVEL = "-Onone";
			};
			name = Debug;
		};
		52B21BD3285502EC00D46D63 /* Release */ = {
			isa = XCBuildConfiguration;
			buildSettings = {
				ALWAYS_SEARCH_USER_PATHS = NO;
				CLANG_ANALYZER_NONNULL = YES;
				CLANG_ANALYZER_NUMBER_OBJECT_CONVERSION = YES_AGGRESSIVE;
				CLANG_CXX_LANGUAGE_STANDARD = "gnu++17";
				CLANG_CXX_LIBRARY = "libc++";
				CLANG_ENABLE_MODULES = YES;
				CLANG_ENABLE_OBJC_ARC = YES;
				CLANG_ENABLE_OBJC_WEAK = YES;
				CLANG_WARN_BLOCK_CAPTURE_AUTORELEASING = YES;
				CLANG_WARN_BOOL_CONVERSION = YES;
				CLANG_WARN_COMMA = YES;
				CLANG_WARN_CONSTANT_CONVERSION = YES;
				CLANG_WARN_DEPRECATED_OBJC_IMPLEMENTATIONS = YES;
				CLANG_WARN_DIRECT_OBJC_ISA_USAGE = YES_ERROR;
				CLANG_WARN_DOCUMENTATION_COMMENTS = YES;
				CLANG_WARN_EMPTY_BODY = YES;
				CLANG_WARN_ENUM_CONVERSION = YES;
				CLANG_WARN_INFINITE_RECURSION = YES;
				CLANG_WARN_INT_CONVERSION = YES;
				CLANG_WARN_NON_LITERAL_NULL_CONVERSION = YES;
				CLANG_WARN_OBJC_IMPLICIT_RETAIN_SELF = YES;
				CLANG_WARN_OBJC_LITERAL_CONVERSION = YES;
				CLANG_WARN_OBJC_ROOT_CLASS = YES_ERROR;
				CLANG_WARN_QUOTED_INCLUDE_IN_FRAMEWORK_HEADER = YES;
				CLANG_WARN_RANGE_LOOP_ANALYSIS = YES;
				CLANG_WARN_STRICT_PROTOTYPES = YES;
				CLANG_WARN_SUSPICIOUS_MOVE = YES;
				CLANG_WARN_UNGUARDED_AVAILABILITY = YES_AGGRESSIVE;
				CLANG_WARN_UNREACHABLE_CODE = YES;
				CLANG_WARN__DUPLICATE_METHOD_MATCH = YES;
				COPY_PHASE_STRIP = NO;
				DEBUG_INFORMATION_FORMAT = "dwarf-with-dsym";
				ENABLE_NS_ASSERTIONS = NO;
				ENABLE_STRICT_OBJC_MSGSEND = YES;
				GCC_C_LANGUAGE_STANDARD = gnu11;
				GCC_NO_COMMON_BLOCKS = YES;
				GCC_WARN_64_TO_32_BIT_CONVERSION = YES;
				GCC_WARN_ABOUT_RETURN_TYPE = YES_ERROR;
				GCC_WARN_UNDECLARED_SELECTOR = YES;
				GCC_WARN_UNINITIALIZED_AUTOS = YES_AGGRESSIVE;
				GCC_WARN_UNUSED_FUNCTION = YES;
				GCC_WARN_UNUSED_VARIABLE = YES;
				IPHONEOS_DEPLOYMENT_TARGET = 15.2;
				MTL_ENABLE_DEBUG_INFO = NO;
				MTL_FAST_MATH = YES;
				SDKROOT = iphoneos;
				SWIFT_COMPILATION_MODE = wholemodule;
				SWIFT_OPTIMIZATION_LEVEL = "-O";
				VALIDATE_PRODUCT = YES;
			};
			name = Release;
		};
		52B21BD5285502EC00D46D63 /* Debug */ = {
			isa = XCBuildConfiguration;
			buildSettings = {
				ASSETCATALOG_COMPILER_APPICON_NAME = AppIcon;
				ASSETCATALOG_COMPILER_GLOBAL_ACCENT_COLOR_NAME = AccentColor;
				CODE_SIGN_IDENTITY = "Apple Development";
				CODE_SIGN_STYLE = Automatic;
				CURRENT_PROJECT_VERSION = 1;
				DEVELOPMENT_TEAM = "";
				GENERATE_INFOPLIST_FILE = YES;
				INFOPLIST_FILE = "Project1-Storm-Viewer/Info.plist";
				INFOPLIST_KEY_UIApplicationSupportsIndirectInputEvents = YES;
				INFOPLIST_KEY_UILaunchStoryboardName = LaunchScreen;
				INFOPLIST_KEY_UIMainStoryboardFile = Main;
				INFOPLIST_KEY_UISupportedInterfaceOrientations_iPad = "UIInterfaceOrientationPortrait UIInterfaceOrientationPortraitUpsideDown UIInterfaceOrientationLandscapeLeft UIInterfaceOrientationLandscapeRight";
				INFOPLIST_KEY_UISupportedInterfaceOrientations_iPhone = "UIInterfaceOrientationPortrait UIInterfaceOrientationLandscapeLeft UIInterfaceOrientationLandscapeRight";
				LD_RUNPATH_SEARCH_PATHS = (
					"$(inherited)",
					"@executable_path/Frameworks",
				);
				MARKETING_VERSION = 1.0;
				PRODUCT_BUNDLE_IDENTIFIER = "com.example.Project1-Storm-Viewer";
				PRODUCT_NAME = "$(TARGET_NAME)";
				PROVISIONING_PROFILE_SPECIFIER = "";
				SWIFT_EMIT_LOC_STRINGS = YES;
				SWIFT_VERSION = 5.0;
				TARGETED_DEVICE_FAMILY = "1,2";
			};
			name = Debug;
		};
		52B21BD6285502EC00D46D63 /* Release */ = {
			isa = XCBuildConfiguration;
			buildSettings = {
				ASSETCATALOG_COMPILER_APPICON_NAME = AppIcon;
				ASSETCATALOG_COMPILER_GLOBAL_ACCENT_COLOR_NAME = AccentColor;
				CODE_SIGN_IDENTITY = "Apple Development";
				CODE_SIGN_STYLE = Automatic;
				CURRENT_PROJECT_VERSION = 1;
				DEVELOPMENT_TEAM = "";
				GENERATE_INFOPLIST_FILE = YES;
				INFOPLIST_FILE = "Project1-Storm-Viewer/Info.plist";
				INFOPLIST_KEY_UIApplicationSupportsIndirectInputEvents = YES;
				INFOPLIST_KEY_UILaunchStoryboardName = LaunchScreen;
				INFOPLIST_KEY_UIMainStoryboardFile = Main;
				INFOPLIST_KEY_UISupportedInterfaceOrientations_iPad = "UIInterfaceOrientationPortrait UIInterfaceOrientationPortraitUpsideDown UIInterfaceOrientationLandscapeLeft UIInterfaceOrientationLandscapeRight";
				INFOPLIST_KEY_UISupportedInterfaceOrientations_iPhone = "UIInterfaceOrientationPortrait UIInterfaceOrientationLandscapeLeft UIInterfaceOrientationLandscapeRight";
				LD_RUNPATH_SEARCH_PATHS = (
					"$(inherited)",
					"@executable_path/Frameworks",
				);
				MARKETING_VERSION = 1.0;
				PRODUCT_BUNDLE_IDENTIFIER = "com.example.Project1-Storm-Viewer";
				PRODUCT_NAME = "$(TARGET_NAME)";
				PROVISIONING_PROFILE_SPECIFIER = "";
				SWIFT_EMIT_LOC_STRINGS = YES;
				SWIFT_VERSION = 5.0;
				TARGETED_DEVICE_FAMILY = "1,2";
			};
			name = Release;
		};
/* End XCBuildConfiguration section */

/* Begin XCConfigurationList section */
		52B21BBB285502EA00D46D63 /* Build configuration list for PBXProject "Project1-Storm-Viewer" */ = {
			isa = XCConfigurationList;
			buildConfigurations = (
				52B21BD2285502EC00D46D63 /* Debug */,
				52B21BD3285502EC00D46D63 /* Release */,
			);
			defaultConfigurationIsVisible = 0;
			defaultConfigurationName = Release;
		};
		52B21BD4285502EC00D46D63 /* Build configuration list for PBXNativeTarget "Project1-Storm-Viewer" */ = {
			isa = XCConfigurationList;
			buildConfigurations = (
				52B21BD5285502EC00D46D63 /* Debug */,
				52B21BD6285502EC00D46D63 /* Release */,
			);
			defaultConfigurationIsVisible = 0;
			defaultConfigurationName = Release;
		};
/* End XCConfigurationList section */
	};
	rootObject = 52B21BB8285502EA00D46D63 /* Project object */;
}
